PODS:
  - YAPDFKit (0.1.0)

DEPENDENCIES:
  - YAPDFKit (from `https://github.com/mipmip/YAPDFKit.git`)

EXTERNAL SOURCES:
  YAPDFKit:
    :git: https://github.com/mipmip/YAPDFKit.git

CHECKOUT OPTIONS:
  YAPDFKit:
    :commit: e1ec1bcbcb1f22b6bdb1b256e05608c1cc6ebddb
    :git: https://github.com/mipmip/YAPDFKit.git

SPEC CHECKSUMS:
  YAPDFKit: 049568b499036dab996ead1d2a1959286b9d0c14

COCOAPODS: 0.39.0
