// !$*UTF8*$!
{
	archiveVersion = 1;
	classes = {
	};
	objectVersion = 46;
	objects = {

/* Begin PBXBuildFile section */
		3E27703A1677DC2D002DD3DE /* PLBottomToolbarView.m in Sources */ = {isa = PBXBuildFile; fileRef = 3E2770391677DC2D002DD3DE /* PLBottomToolbarView.m */; };
		3E2770421677E336002DD3DE /* PLBackgroundDropZoneContainer.m in Sources */ = {isa = PBXBuildFile; fileRef = 3E2770411677E336002DD3DE /* PLBackgroundDropZoneContainer.m */; };
		3E2770451677E464002DD3DE /* bgdrop.png in Resources */ = {isa = PBXBuildFile; fileRef = 3E2770431677E463002DD3DE /* bgdrop.png */; };
		3E2770461677E464002DD3DE /* coverdrop.png in Resources */ = {isa = PBXBuildFile; fileRef = 3E2770441677E463002DD3DE /* coverdrop.png */; };
		3E2AFF0616A5F8B3006D2CB0 /* PLQuickStart1.m in Sources */ = {isa = PBXBuildFile; fileRef = 3E2AFF0416A5F8B3006D2CB0 /* PLQuickStart1.m */; };
		3E3C6E051628C2EF000DEB08 /* PLMainWindowView.m in Sources */ = {isa = PBXBuildFile; fileRef = 3E3C6E041628C2EF000DEB08 /* PLMainWindowView.m */; };
		3E51688418591F4B007E2F3C /* WebKit.framework in Frameworks */ = {isa = PBXBuildFile; fileRef = 3E51688318591F4B007E2F3C /* WebKit.framework */; };
		3E67446A1679448400D99390 /* printer.png in Resources */ = {isa = PBXBuildFile; fileRef = 3E6744681679448400D99390 /* printer.png */; };
		3E67446E16794BE400D99390 /* saveicon.png in Resources */ = {isa = PBXBuildFile; fileRef = 3E67446D16794BE400D99390 /* saveicon.png */; };
		3E6835C61607C90400DDFB82 /* Cocoa.framework in Frameworks */ = {isa = PBXBuildFile; fileRef = 3E6835C51607C90400DDFB82 /* Cocoa.framework */; };
		3E6835D21607C90400DDFB82 /* main.m in Sources */ = {isa = PBXBuildFile; fileRef = 3E6835D11607C90400DDFB82 /* main.m */; };
		3E6835D61607C90400DDFB82 /* Credits.rtf in Resources */ = {isa = PBXBuildFile; fileRef = 3E6835D41607C90400DDFB82 /* Credits.rtf */; };
		3E6835D91607C90400DDFB82 /* PLAppDelegate.m in Sources */ = {isa = PBXBuildFile; fileRef = 3E6835D81607C90400DDFB82 /* PLAppDelegate.m */; };
		3E6835DF1607C90400DDFB82 /* PDF_Letterhead.xcdatamodeld in Sources */ = {isa = PBXBuildFile; fileRef = 3E6835DD1607C90400DDFB82 /* PDF_Letterhead.xcdatamodeld */; };
		3E6835ED1607CA8A00DDFB82 /* Quartz.framework in Frameworks */ = {isa = PBXBuildFile; fileRef = 3E6835EC1607CA8A00DDFB82 /* Quartz.framework */; };
		3E6835F41607CC7900DDFB82 /* PLDropZone.m in Sources */ = {isa = PBXBuildFile; fileRef = 3E6835F31607CC7900DDFB82 /* PLDropZone.m */; };
		3E6835F71607D22100DDFB82 /* PLPDFPage.m in Sources */ = {isa = PBXBuildFile; fileRef = 3E6835F61607D22100DDFB82 /* PLPDFPage.m */; };
		3E6836031607EE8C00DDFB82 /* pdfletterheadIOS.icns in Resources */ = {isa = PBXBuildFile; fileRef = 3E6836021607EE8C00DDFB82 /* pdfletterheadIOS.icns */; };
		3E798B731677F053006F47F5 /* contentdrop.png in Resources */ = {isa = PBXBuildFile; fileRef = 3E798B721677F053006F47F5 /* contentdrop.png */; };
		3E798B761677F336006F47F5 /* PLPDFBgView.m in Sources */ = {isa = PBXBuildFile; fileRef = 3E798B751677F336006F47F5 /* PLPDFBgView.m */; };
		3E7BC9D4162459EE0092BF5E /* pdfletterheadMac.icns in Resources */ = {isa = PBXBuildFile; fileRef = 3E7BC9D3162459EE0092BF5E /* pdfletterheadMac.icns */; };
		3E9850B71BF4E29900D7ABAB /* PLFAQWindowController.m in Sources */ = {isa = PBXBuildFile; fileRef = 3E9850B61BF4E29900D7ABAB /* PLFAQWindowController.m */; };
		3E9B90041C3AD9B9003D86E0 /* ITSwitch.m in Sources */ = {isa = PBXBuildFile; fileRef = 3E9B90031C3AD9B9003D86E0 /* ITSwitch.m */; };
		3E9B90051C3AD9B9003D86E0 /* ITSwitch.m in Sources */ = {isa = PBXBuildFile; fileRef = 3E9B90031C3AD9B9003D86E0 /* ITSwitch.m */; };
		3E9F2DAB1679378E00486537 /* PLPDFBgAreaView.m in Sources */ = {isa = PBXBuildFile; fileRef = 3E9F2DAA1679378E00486537 /* PLPDFBgAreaView.m */; };
		3EF7E6BB16089C21008EA1B1 /* white.pdf in Resources */ = {isa = PBXBuildFile; fileRef = 3EF7E6BA16089C21008EA1B1 /* white.pdf */; };
		3EF7E6BE16089EFA008EA1B1 /* FAQ.rtf in Resources */ = {isa = PBXBuildFile; fileRef = 3EF7E6BD16089EFA008EA1B1 /* FAQ.rtf */; };
		3EFB08F81615032E006063F9 /* PLPreviewWindow.m in Sources */ = {isa = PBXBuildFile; fileRef = 3EFB08F71615032E006063F9 /* PLPreviewWindow.m */; };
		7910E6BC1C206CAC00398823 /* Profile+CoreDataProperties.m in Sources */ = {isa = PBXBuildFile; fileRef = 7910E6B91C206CAC00398823 /* Profile+CoreDataProperties.m */; };
		7910E6BD1C206CAC00398823 /* Profile+CoreDataProperties.m in Sources */ = {isa = PBXBuildFile; fileRef = 7910E6B91C206CAC00398823 /* Profile+CoreDataProperties.m */; };
		7910E6BE1C206CAC00398823 /* Profile.m in Sources */ = {isa = PBXBuildFile; fileRef = 7910E6BB1C206CAC00398823 /* Profile.m */; };
		7910E6BF1C206CAC00398823 /* Profile.m in Sources */ = {isa = PBXBuildFile; fileRef = 7910E6BB1C206CAC00398823 /* Profile.m */; };
		791500841C44E9400007ABDC /* drawerinicon.png in Resources */ = {isa = PBXBuildFile; fileRef = 791500821C44E9400007ABDC /* drawerinicon.png */; };
		791500851C44E9400007ABDC /* drawerouticon.png in Resources */ = {isa = PBXBuildFile; fileRef = 791500831C44E9400007ABDC /* drawerouticon.png */; };
		791500861C44E9430007ABDC /* drawerinicon.png in Resources */ = {isa = PBXBuildFile; fileRef = 791500821C44E9400007ABDC /* drawerinicon.png */; };
		791500871C44E9460007ABDC /* drawerouticon.png in Resources */ = {isa = PBXBuildFile; fileRef = 791500831C44E9400007ABDC /* drawerouticon.png */; };
		791500951C4519D00007ABDC /* PLTextFieldCell.m in Sources */ = {isa = PBXBuildFile; fileRef = 791500941C4519D00007ABDC /* PLTextFieldCell.m */; };
		791500961C4519D00007ABDC /* PLTextFieldCell.m in Sources */ = {isa = PBXBuildFile; fileRef = 791500941C4519D00007ABDC /* PLTextFieldCell.m */; };
		791574EA1C4924FA006B1FC8 /* splashscreen-nl.png in Resources */ = {isa = PBXBuildFile; fileRef = 791574E41C4924FA006B1FC8 /* splashscreen-nl.png */; };
		791574EB1C4924FA006B1FC8 /* bghelp-eng.png in Resources */ = {isa = PBXBuildFile; fileRef = 791574E51C4924FA006B1FC8 /* bghelp-eng.png */; };
		791574EC1C4924FA006B1FC8 /* bghelp-nl.png in Resources */ = {isa = PBXBuildFile; fileRef = 791574E61C4924FA006B1FC8 /* bghelp-nl.png */; };
		791574ED1C4924FA006B1FC8 /* splashscreen-eng.png in Resources */ = {isa = PBXBuildFile; fileRef = 791574E71C4924FA006B1FC8 /* splashscreen-eng.png */; };
		791574EE1C4924FA006B1FC8 /* upgradebutton-eng.png in Resources */ = {isa = PBXBuildFile; fileRef = 791574E81C4924FA006B1FC8 /* upgradebutton-eng.png */; };
		791574EF1C4924FA006B1FC8 /* upgradebutton-nl.png in Resources */ = {isa = PBXBuildFile; fileRef = 791574E91C4924FA006B1FC8 /* upgradebutton-nl.png */; };
		791574F01C4924FF006B1FC8 /* splashscreen-nl.png in Resources */ = {isa = PBXBuildFile; fileRef = 791574E41C4924FA006B1FC8 /* splashscreen-nl.png */; };
		791574F11C4924FF006B1FC8 /* bghelp-eng.png in Resources */ = {isa = PBXBuildFile; fileRef = 791574E51C4924FA006B1FC8 /* bghelp-eng.png */; };
		791574F21C4924FF006B1FC8 /* bghelp-nl.png in Resources */ = {isa = PBXBuildFile; fileRef = 791574E61C4924FA006B1FC8 /* bghelp-nl.png */; };
		791574F31C4924FF006B1FC8 /* splashscreen-eng.png in Resources */ = {isa = PBXBuildFile; fileRef = 791574E71C4924FA006B1FC8 /* splashscreen-eng.png */; };
		791574F41C4924FF006B1FC8 /* upgradebutton-eng.png in Resources */ = {isa = PBXBuildFile; fileRef = 791574E81C4924FA006B1FC8 /* upgradebutton-eng.png */; };
		791574F51C4924FF006B1FC8 /* upgradebutton-nl.png in Resources */ = {isa = PBXBuildFile; fileRef = 791574E91C4924FA006B1FC8 /* upgradebutton-nl.png */; };
		79182E351C3BD26D00ABDDD9 /* PLTableRowView.m in Sources */ = {isa = PBXBuildFile; fileRef = 79182E341C3BD26D00ABDDD9 /* PLTableRowView.m */; };
		79182E361C3BD26D00ABDDD9 /* PLTableRowView.m in Sources */ = {isa = PBXBuildFile; fileRef = 79182E341C3BD26D00ABDDD9 /* PLTableRowView.m */; };
		7928A3071C3D4D52006BA593 /* mag.png in Resources */ = {isa = PBXBuildFile; fileRef = 7928A3021C3D4D52006BA593 /* mag.png */; };
		7928A3081C3D4D52006BA593 /* mail.png in Resources */ = {isa = PBXBuildFile; fileRef = 7928A3031C3D4D52006BA593 /* mail.png */; };
		7928A3091C3D4D52006BA593 /* print.png in Resources */ = {isa = PBXBuildFile; fileRef = 7928A3041C3D4D52006BA593 /* print.png */; };
		7928A30A1C3D4D52006BA593 /* save.png in Resources */ = {isa = PBXBuildFile; fileRef = 7928A3051C3D4D52006BA593 /* save.png */; };
		7928A30B1C3D4D52006BA593 /* pencil.png in Resources */ = {isa = PBXBuildFile; fileRef = 7928A3061C3D4D52006BA593 /* pencil.png */; };
		7928A30C1C3D4E85006BA593 /* KBButton.m in Sources */ = {isa = PBXBuildFile; fileRef = 794DA9D61C3D008E00E64582 /* KBButton.m */; };
		7928A30D1C3D4E88006BA593 /* KBButtonCell.m in Sources */ = {isa = PBXBuildFile; fileRef = 794DA9D81C3D008E00E64582 /* KBButtonCell.m */; };
		7928A30E1C3D4E8B006BA593 /* NSColor+ColorExtensions.m in Sources */ = {isa = PBXBuildFile; fileRef = 794DA9DA1C3D008E00E64582 /* NSColor+ColorExtensions.m */; };
		7928A30F1C3D4FC9006BA593 /* mag.png in Resources */ = {isa = PBXBuildFile; fileRef = 7928A3021C3D4D52006BA593 /* mag.png */; };
		7928A3101C3D4FC9006BA593 /* mail.png in Resources */ = {isa = PBXBuildFile; fileRef = 7928A3031C3D4D52006BA593 /* mail.png */; };
		7928A3111C3D4FC9006BA593 /* print.png in Resources */ = {isa = PBXBuildFile; fileRef = 7928A3041C3D4D52006BA593 /* print.png */; };
		7928A3121C3D4FC9006BA593 /* save.png in Resources */ = {isa = PBXBuildFile; fileRef = 7928A3051C3D4D52006BA593 /* save.png */; };
		7928A3131C3D4FC9006BA593 /* pencil.png in Resources */ = {isa = PBXBuildFile; fileRef = 7928A3061C3D4D52006BA593 /* pencil.png */; };
		7928A3141C3D50A2006BA593 /* MainMenu.xib in Resources */ = {isa = PBXBuildFile; fileRef = 3E6835DA1607C90400DDFB82 /* MainMenu.xib */; };
		7928A3171C3D546F006BA593 /* PLImageView.m in Sources */ = {isa = PBXBuildFile; fileRef = 7928A3161C3D546F006BA593 /* PLImageView.m */; };
		7928A3181C3D546F006BA593 /* PLImageView.m in Sources */ = {isa = PBXBuildFile; fileRef = 7928A3161C3D546F006BA593 /* PLImageView.m */; };
		79368AE11C3D710F0009DA2C /* Lite Icons.xcassets in Resources */ = {isa = PBXBuildFile; fileRef = 79368AE01C3D710F0009DA2C /* Lite Icons.xcassets */; };
		79368AE31C3D716E0009DA2C /* Pro Icons.xcassets in Resources */ = {isa = PBXBuildFile; fileRef = 79368AE21C3D716E0009DA2C /* Pro Icons.xcassets */; };
		79377FA21C1F0D5600901220 /* PLImageTransformer.m in Sources */ = {isa = PBXBuildFile; fileRef = 79377FA11C1F0D5600901220 /* PLImageTransformer.m */; };
		79377FA31C1F0D5600901220 /* PLImageTransformer.m in Sources */ = {isa = PBXBuildFile; fileRef = 79377FA11C1F0D5600901220 /* PLImageTransformer.m */; };
		794DA9DB1C3D008E00E64582 /* KBButton.m in Sources */ = {isa = PBXBuildFile; fileRef = 794DA9D61C3D008E00E64582 /* KBButton.m */; };
		794DA9DC1C3D008E00E64582 /* KBButtonCell.m in Sources */ = {isa = PBXBuildFile; fileRef = 794DA9D81C3D008E00E64582 /* KBButtonCell.m */; };
		794DA9DD1C3D008E00E64582 /* NSColor+ColorExtensions.m in Sources */ = {isa = PBXBuildFile; fileRef = 794DA9DA1C3D008E00E64582 /* NSColor+ColorExtensions.m */; };
		79527AB11C4553EA0030D6F9 /* PLTableCellView.m in Sources */ = {isa = PBXBuildFile; fileRef = 79527AB01C4553EA0030D6F9 /* PLTableCellView.m */; };
		79527AB21C4553EA0030D6F9 /* PLTableCellView.m in Sources */ = {isa = PBXBuildFile; fileRef = 79527AB01C4553EA0030D6F9 /* PLTableCellView.m */; };
		79527AB51C45565B0030D6F9 /* PLButtonCell.m in Sources */ = {isa = PBXBuildFile; fileRef = 79527AB41C45565B0030D6F9 /* PLButtonCell.m */; };
		79527AB61C45565B0030D6F9 /* PLButtonCell.m in Sources */ = {isa = PBXBuildFile; fileRef = 79527AB41C45565B0030D6F9 /* PLButtonCell.m */; };
		79527AB91C4559D50030D6F9 /* pencilwhite.png in Resources */ = {isa = PBXBuildFile; fileRef = 79527AB71C4559D50030D6F9 /* pencilwhite.png */; };
		79527ABA1C4559D50030D6F9 /* pencilwhite.png in Resources */ = {isa = PBXBuildFile; fileRef = 79527AB71C4559D50030D6F9 /* pencilwhite.png */; };
		79527ABB1C4559D50030D6F9 /* pencilgray.png in Resources */ = {isa = PBXBuildFile; fileRef = 79527AB81C4559D50030D6F9 /* pencilgray.png */; };
		79527ABC1C4559D50030D6F9 /* pencilgray.png in Resources */ = {isa = PBXBuildFile; fileRef = 79527AB81C4559D50030D6F9 /* pencilgray.png */; };
		7961490A1C4407CA002E7462 /* closebutton.png in Resources */ = {isa = PBXBuildFile; fileRef = 796149091C4407CA002E7462 /* closebutton.png */; };
		7961490B1C4408C6002E7462 /* closebutton.png in Resources */ = {isa = PBXBuildFile; fileRef = 796149091C4407CA002E7462 /* closebutton.png */; };
		7967FB361C47A98C00EC2C73 /* PLProfileEditWindow.xib in Resources */ = {isa = PBXBuildFile; fileRef = 7967FB391C47A98C00EC2C73 /* PLProfileEditWindow.xib */; };
		7967FB371C47A98C00EC2C73 /* PLProfileEditWindow.xib in Resources */ = {isa = PBXBuildFile; fileRef = 7967FB391C47A98C00EC2C73 /* PLProfileEditWindow.xib */; };
		7967FB521C47B31E00EC2C73 /* newsaveicon.png in Resources */ = {isa = PBXBuildFile; fileRef = 7967FB511C47B31E00EC2C73 /* newsaveicon.png */; };
		7967FB531C47B3D100EC2C73 /* newsaveicon.png in Resources */ = {isa = PBXBuildFile; fileRef = 7967FB511C47B31E00EC2C73 /* newsaveicon.png */; };
		7967FB541C47B4DC00EC2C73 /* PLQuickStart1.xib in Resources */ = {isa = PBXBuildFile; fileRef = 7967FB571C47B4DC00EC2C73 /* PLQuickStart1.xib */; };
		7967FB551C47B4DC00EC2C73 /* PLQuickStart1.xib in Resources */ = {isa = PBXBuildFile; fileRef = 7967FB571C47B4DC00EC2C73 /* PLQuickStart1.xib */; };
		796BD8ED1C4D1FB30071AE90 /* PDF Letterhead LitePlist.strings in Resources */ = {isa = PBXBuildFile; fileRef = 796BD8EF1C4D1FB30071AE90 /* PDF Letterhead LitePlist.strings */; };
		796BD8F21C4D1FB40071AE90 /* PDF Letterhead ProPlist.strings in Resources */ = {isa = PBXBuildFile; fileRef = 796BD8F41C4D1FB40071AE90 /* PDF Letterhead ProPlist.strings */; };
		796BD8F71C4D1FB40071AE90 /* Localizable.strings in Resources */ = {isa = PBXBuildFile; fileRef = 796BD8F91C4D1FB40071AE90 /* Localizable.strings */; };
		79726ECF1C16ED6E003B85D2 /* main.m in Sources */ = {isa = PBXBuildFile; fileRef = 3E6835D11607C90400DDFB82 /* main.m */; };
		79726ED01C16ED6E003B85D2 /* PLAppDelegate.m in Sources */ = {isa = PBXBuildFile; fileRef = 3E6835D81607C90400DDFB82 /* PLAppDelegate.m */; };
		79726ED11C16ED6E003B85D2 /* PDF_Letterhead.xcdatamodeld in Sources */ = {isa = PBXBuildFile; fileRef = 3E6835DD1607C90400DDFB82 /* PDF_Letterhead.xcdatamodeld */; };
		79726ED21C16ED6E003B85D2 /* PLDropZone.m in Sources */ = {isa = PBXBuildFile; fileRef = 3E6835F31607CC7900DDFB82 /* PLDropZone.m */; };
		79726ED31C16ED6E003B85D2 /* PLPDFPage.m in Sources */ = {isa = PBXBuildFile; fileRef = 3E6835F61607D22100DDFB82 /* PLPDFPage.m */; };
		79726ED51C16ED6E003B85D2 /* PLPreviewWindow.m in Sources */ = {isa = PBXBuildFile; fileRef = 3EFB08F71615032E006063F9 /* PLPreviewWindow.m */; };
		79726ED61C16ED6E003B85D2 /* PLMainWindowView.m in Sources */ = {isa = PBXBuildFile; fileRef = 3E3C6E041628C2EF000DEB08 /* PLMainWindowView.m */; };
		79726ED91C16ED6E003B85D2 /* PLBottomToolbarView.m in Sources */ = {isa = PBXBuildFile; fileRef = 3E2770391677DC2D002DD3DE /* PLBottomToolbarView.m */; };
		79726EDA1C16ED6E003B85D2 /* PLBackgroundDropZoneContainer.m in Sources */ = {isa = PBXBuildFile; fileRef = 3E2770411677E336002DD3DE /* PLBackgroundDropZoneContainer.m */; };
		79726EDB1C16ED6E003B85D2 /* PLPDFBgView.m in Sources */ = {isa = PBXBuildFile; fileRef = 3E798B751677F336006F47F5 /* PLPDFBgView.m */; };
		79726EDC1C16ED6E003B85D2 /* PLPDFBgAreaView.m in Sources */ = {isa = PBXBuildFile; fileRef = 3E9F2DAA1679378E00486537 /* PLPDFBgAreaView.m */; };
		79726EDF1C16ED6E003B85D2 /* PLQuickStart1.m in Sources */ = {isa = PBXBuildFile; fileRef = 3E2AFF0416A5F8B3006D2CB0 /* PLQuickStart1.m */; };
		79726EE01C16ED6E003B85D2 /* PLFAQWindowController.m in Sources */ = {isa = PBXBuildFile; fileRef = 3E9850B61BF4E29900D7ABAB /* PLFAQWindowController.m */; };
		79726EE21C16ED6E003B85D2 /* WebKit.framework in Frameworks */ = {isa = PBXBuildFile; fileRef = 3E51688318591F4B007E2F3C /* WebKit.framework */; };
		79726EE31C16ED6E003B85D2 /* Quartz.framework in Frameworks */ = {isa = PBXBuildFile; fileRef = 3E6835EC1607CA8A00DDFB82 /* Quartz.framework */; };
		79726EE41C16ED6E003B85D2 /* Cocoa.framework in Frameworks */ = {isa = PBXBuildFile; fileRef = 3E6835C51607C90400DDFB82 /* Cocoa.framework */; };
		79726EE71C16ED6E003B85D2 /* Credits.rtf in Resources */ = {isa = PBXBuildFile; fileRef = 3E6835D41607C90400DDFB82 /* Credits.rtf */; };
		79726EE81C16ED6E003B85D2 /* MainMenu.xib in Resources */ = {isa = PBXBuildFile; fileRef = 3E6835DA1607C90400DDFB82 /* MainMenu.xib */; };
		79726EEB1C16ED6E003B85D2 /* pdfletterheadIOS.icns in Resources */ = {isa = PBXBuildFile; fileRef = 3E6836021607EE8C00DDFB82 /* pdfletterheadIOS.icns */; };
		79726EEC1C16ED6E003B85D2 /* white.pdf in Resources */ = {isa = PBXBuildFile; fileRef = 3EF7E6BA16089C21008EA1B1 /* white.pdf */; };
		79726EED1C16ED6E003B85D2 /* FAQ.rtf in Resources */ = {isa = PBXBuildFile; fileRef = 3EF7E6BD16089EFA008EA1B1 /* FAQ.rtf */; };
		79726EEE1C16ED6E003B85D2 /* pdfletterheadMac.icns in Resources */ = {isa = PBXBuildFile; fileRef = 3E7BC9D3162459EE0092BF5E /* pdfletterheadMac.icns */; };
		79726EF11C16ED6E003B85D2 /* bgdrop.png in Resources */ = {isa = PBXBuildFile; fileRef = 3E2770431677E463002DD3DE /* bgdrop.png */; };
		79726EF21C16ED6E003B85D2 /* coverdrop.png in Resources */ = {isa = PBXBuildFile; fileRef = 3E2770441677E463002DD3DE /* coverdrop.png */; };
		79726EF51C16ED6E003B85D2 /* contentdrop.png in Resources */ = {isa = PBXBuildFile; fileRef = 3E798B721677F053006F47F5 /* contentdrop.png */; };
		79726EF91C16ED6E003B85D2 /* printer.png in Resources */ = {isa = PBXBuildFile; fileRef = 3E6744681679448400D99390 /* printer.png */; };
		79726EFB1C16ED6E003B85D2 /* saveicon.png in Resources */ = {isa = PBXBuildFile; fileRef = 3E67446D16794BE400D99390 /* saveicon.png */; };
		79EEDAA71C22CF0C00DE767E /* PLProfileEditWindow.m in Sources */ = {isa = PBXBuildFile; fileRef = 79EEDAA61C22CF0C00DE767E /* PLProfileEditWindow.m */; };
		79EEDAA81C22CF0C00DE767E /* PLProfileEditWindow.m in Sources */ = {isa = PBXBuildFile; fileRef = 79EEDAA61C22CF0C00DE767E /* PLProfileEditWindow.m */; };
/* End PBXBuildFile section */

/* Begin PBXFileReference section */
		3E2770381677DC2D002DD3DE /* PLBottomToolbarView.h */ = {isa = PBXFileReference; fileEncoding = 4; lastKnownFileType = sourcecode.c.h; path = PLBottomToolbarView.h; sourceTree = "<group>"; };
		3E2770391677DC2D002DD3DE /* PLBottomToolbarView.m */ = {isa = PBXFileReference; fileEncoding = 4; lastKnownFileType = sourcecode.c.objc; path = PLBottomToolbarView.m; sourceTree = "<group>"; };
		3E2770401677E336002DD3DE /* PLBackgroundDropZoneContainer.h */ = {isa = PBXFileReference; fileEncoding = 4; lastKnownFileType = sourcecode.c.h; path = PLBackgroundDropZoneContainer.h; sourceTree = "<group>"; };
		3E2770411677E336002DD3DE /* PLBackgroundDropZoneContainer.m */ = {isa = PBXFileReference; fileEncoding = 4; lastKnownFileType = sourcecode.c.objc; path = PLBackgroundDropZoneContainer.m; sourceTree = "<group>"; };
		3E2770431677E463002DD3DE /* bgdrop.png */ = {isa = PBXFileReference; lastKnownFileType = image.png; path = bgdrop.png; sourceTree = "<group>"; };
		3E2770441677E463002DD3DE /* coverdrop.png */ = {isa = PBXFileReference; lastKnownFileType = image.png; path = coverdrop.png; sourceTree = "<group>"; };
		3E2AFF0316A5F8B3006D2CB0 /* PLQuickStart1.h */ = {isa = PBXFileReference; fileEncoding = 4; lastKnownFileType = sourcecode.c.h; name = PLQuickStart1.h; path = "PDF Letterhead/PLQuickStart1.h"; sourceTree = "<group>"; };
		3E2AFF0416A5F8B3006D2CB0 /* PLQuickStart1.m */ = {isa = PBXFileReference; fileEncoding = 4; lastKnownFileType = sourcecode.c.objc; name = PLQuickStart1.m; path = "PDF Letterhead/PLQuickStart1.m"; sourceTree = "<group>"; };
		3E3C6E031628C2EF000DEB08 /* PLMainWindowView.h */ = {isa = PBXFileReference; fileEncoding = 4; lastKnownFileType = sourcecode.c.h; path = PLMainWindowView.h; sourceTree = "<group>"; };
		3E3C6E041628C2EF000DEB08 /* PLMainWindowView.m */ = {isa = PBXFileReference; fileEncoding = 4; lastKnownFileType = sourcecode.c.objc; path = PLMainWindowView.m; sourceTree = "<group>"; };
		3E51688318591F4B007E2F3C /* WebKit.framework */ = {isa = PBXFileReference; lastKnownFileType = wrapper.framework; name = WebKit.framework; path = System/Library/Frameworks/WebKit.framework; sourceTree = SDKROOT; };
		3E6744681679448400D99390 /* printer.png */ = {isa = PBXFileReference; lastKnownFileType = image.png; path = printer.png; sourceTree = "<group>"; };
		3E67446D16794BE400D99390 /* saveicon.png */ = {isa = PBXFileReference; lastKnownFileType = image.png; path = saveicon.png; sourceTree = "<group>"; };
		3E6835C11607C90400DDFB82 /* PDF Letterhead Lite.app */ = {isa = PBXFileReference; explicitFileType = wrapper.application; includeInIndex = 0; path = "PDF Letterhead Lite.app"; sourceTree = BUILT_PRODUCTS_DIR; };
		3E6835C51607C90400DDFB82 /* Cocoa.framework */ = {isa = PBXFileReference; lastKnownFileType = wrapper.framework; name = Cocoa.framework; path = System/Library/Frameworks/Cocoa.framework; sourceTree = SDKROOT; };
		3E6835C81607C90400DDFB82 /* AppKit.framework */ = {isa = PBXFileReference; lastKnownFileType = wrapper.framework; name = AppKit.framework; path = System/Library/Frameworks/AppKit.framework; sourceTree = SDKROOT; };
		3E6835C91607C90400DDFB82 /* CoreData.framework */ = {isa = PBXFileReference; lastKnownFileType = wrapper.framework; name = CoreData.framework; path = System/Library/Frameworks/CoreData.framework; sourceTree = SDKROOT; };
		3E6835CA1607C90400DDFB82 /* Foundation.framework */ = {isa = PBXFileReference; lastKnownFileType = wrapper.framework; name = Foundation.framework; path = System/Library/Frameworks/Foundation.framework; sourceTree = SDKROOT; };
		3E6835CD1607C90400DDFB82 /* PDF Letterhead Lite.plist */ = {isa = PBXFileReference; lastKnownFileType = text.plist.xml; path = "PDF Letterhead Lite.plist"; sourceTree = "<group>"; };
		3E6835D11607C90400DDFB82 /* main.m */ = {isa = PBXFileReference; lastKnownFileType = sourcecode.c.objc; path = main.m; sourceTree = "<group>"; };
		3E6835D31607C90400DDFB82 /* PDF Letterhead-Prefix.pch */ = {isa = PBXFileReference; lastKnownFileType = sourcecode.c.h; path = "PDF Letterhead-Prefix.pch"; sourceTree = "<group>"; };
		3E6835D51607C90400DDFB82 /* en */ = {isa = PBXFileReference; lastKnownFileType = text.rtf; name = en; path = en.lproj/Credits.rtf; sourceTree = "<group>"; };
		3E6835D71607C90400DDFB82 /* PLAppDelegate.h */ = {isa = PBXFileReference; lastKnownFileType = sourcecode.c.h; path = PLAppDelegate.h; sourceTree = "<group>"; };
		3E6835D81607C90400DDFB82 /* PLAppDelegate.m */ = {isa = PBXFileReference; lastKnownFileType = sourcecode.c.objc; path = PLAppDelegate.m; sourceTree = "<group>"; };
		3E6835DB1607C90400DDFB82 /* en */ = {isa = PBXFileReference; lastKnownFileType = file.xib; name = en; path = en.lproj/MainMenu.xib; sourceTree = "<group>"; };
		3E6835DE1607C90400DDFB82 /* PDF_Letterhead.xcdatamodel */ = {isa = PBXFileReference; lastKnownFileType = wrapper.xcdatamodel; path = PDF_Letterhead.xcdatamodel; sourceTree = "<group>"; };
		3E6835EC1607CA8A00DDFB82 /* Quartz.framework */ = {isa = PBXFileReference; lastKnownFileType = wrapper.framework; name = Quartz.framework; path = System/Library/Frameworks/Quartz.framework; sourceTree = SDKROOT; };
		3E6835F21607CC7900DDFB82 /* PLDropZone.h */ = {isa = PBXFileReference; fileEncoding = 4; lastKnownFileType = sourcecode.c.h; path = PLDropZone.h; sourceTree = "<group>"; };
		3E6835F31607CC7900DDFB82 /* PLDropZone.m */ = {isa = PBXFileReference; fileEncoding = 4; lastKnownFileType = sourcecode.c.objc; path = PLDropZone.m; sourceTree = "<group>"; };
		3E6835F51607D22100DDFB82 /* PLPDFPage.h */ = {isa = PBXFileReference; fileEncoding = 4; lastKnownFileType = sourcecode.c.h; path = PLPDFPage.h; sourceTree = "<group>"; };
		3E6835F61607D22100DDFB82 /* PLPDFPage.m */ = {isa = PBXFileReference; fileEncoding = 4; lastKnownFileType = sourcecode.c.objc; path = PLPDFPage.m; sourceTree = "<group>"; };
		3E6836021607EE8C00DDFB82 /* pdfletterheadIOS.icns */ = {isa = PBXFileReference; lastKnownFileType = image.icns; name = pdfletterheadIOS.icns; path = ../pdfletterheadIOS.icns; sourceTree = "<group>"; };
		3E798B721677F053006F47F5 /* contentdrop.png */ = {isa = PBXFileReference; lastKnownFileType = image.png; path = contentdrop.png; sourceTree = "<group>"; };
		3E798B741677F336006F47F5 /* PLPDFBgView.h */ = {isa = PBXFileReference; fileEncoding = 4; lastKnownFileType = sourcecode.c.h; path = PLPDFBgView.h; sourceTree = "<group>"; };
		3E798B751677F336006F47F5 /* PLPDFBgView.m */ = {isa = PBXFileReference; fileEncoding = 4; lastKnownFileType = sourcecode.c.objc; path = PLPDFBgView.m; sourceTree = "<group>"; };
		3E7BC9D3162459EE0092BF5E /* pdfletterheadMac.icns */ = {isa = PBXFileReference; lastKnownFileType = image.icns; name = pdfletterheadMac.icns; path = ../pdfletterheadMac.icns; sourceTree = "<group>"; };
		3E9850B51BF4E29900D7ABAB /* PLFAQWindowController.h */ = {isa = PBXFileReference; fileEncoding = 4; lastKnownFileType = sourcecode.c.h; path = PLFAQWindowController.h; sourceTree = "<group>"; };
		3E9850B61BF4E29900D7ABAB /* PLFAQWindowController.m */ = {isa = PBXFileReference; fileEncoding = 4; lastKnownFileType = sourcecode.c.objc; path = PLFAQWindowController.m; sourceTree = "<group>"; };
		3E9B90021C3AD9B9003D86E0 /* ITSwitch.h */ = {isa = PBXFileReference; fileEncoding = 4; lastKnownFileType = sourcecode.c.h; path = ITSwitch.h; sourceTree = "<group>"; };
		3E9B90031C3AD9B9003D86E0 /* ITSwitch.m */ = {isa = PBXFileReference; fileEncoding = 4; lastKnownFileType = sourcecode.c.objc; path = ITSwitch.m; sourceTree = "<group>"; };
		3E9F2DA91679378E00486537 /* PLPDFBgAreaView.h */ = {isa = PBXFileReference; fileEncoding = 4; lastKnownFileType = sourcecode.c.h; path = PLPDFBgAreaView.h; sourceTree = "<group>"; };
		3E9F2DAA1679378E00486537 /* PLPDFBgAreaView.m */ = {isa = PBXFileReference; fileEncoding = 4; lastKnownFileType = sourcecode.c.objc; path = PLPDFBgAreaView.m; sourceTree = "<group>"; };
		3EAF7FEE1AB23FE100C4EFB1 /* PDF Letterhead.entitlements */ = {isa = PBXFileReference; lastKnownFileType = text.xml; path = "PDF Letterhead.entitlements"; sourceTree = "<group>"; };
		3EF7E6BA16089C21008EA1B1 /* white.pdf */ = {isa = PBXFileReference; lastKnownFileType = image.pdf; path = white.pdf; sourceTree = "<group>"; };
		3EF7E6BD16089EFA008EA1B1 /* FAQ.rtf */ = {isa = PBXFileReference; fileEncoding = 4; lastKnownFileType = text.rtf; path = FAQ.rtf; sourceTree = "<group>"; };
		3EFB08F61615032E006063F9 /* PLPreviewWindow.h */ = {isa = PBXFileReference; fileEncoding = 4; lastKnownFileType = sourcecode.c.h; path = PLPreviewWindow.h; sourceTree = "<group>"; };
		3EFB08F71615032E006063F9 /* PLPreviewWindow.m */ = {isa = PBXFileReference; fileEncoding = 4; lastKnownFileType = sourcecode.c.objc; path = PLPreviewWindow.m; sourceTree = "<group>"; };
		7910E6A71C206AC900398823 /* PDF_Letterhead 2.xcdatamodel */ = {isa = PBXFileReference; lastKnownFileType = wrapper.xcdatamodel; path = "PDF_Letterhead 2.xcdatamodel"; sourceTree = "<group>"; };
		7910E6B81C206CAC00398823 /* Profile+CoreDataProperties.h */ = {isa = PBXFileReference; fileEncoding = 4; lastKnownFileType = sourcecode.c.h; path = "Profile+CoreDataProperties.h"; sourceTree = "<group>"; };
		7910E6B91C206CAC00398823 /* Profile+CoreDataProperties.m */ = {isa = PBXFileReference; fileEncoding = 4; lastKnownFileType = sourcecode.c.objc; path = "Profile+CoreDataProperties.m"; sourceTree = "<group>"; };
		7910E6BA1C206CAC00398823 /* Profile.h */ = {isa = PBXFileReference; fileEncoding = 4; lastKnownFileType = sourcecode.c.h; path = Profile.h; sourceTree = "<group>"; };
		7910E6BB1C206CAC00398823 /* Profile.m */ = {isa = PBXFileReference; fileEncoding = 4; lastKnownFileType = sourcecode.c.objc; path = Profile.m; sourceTree = "<group>"; };
		7910E6C41C21922300398823 /* PDF_Letterhead 3.xcdatamodel */ = {isa = PBXFileReference; lastKnownFileType = wrapper.xcdatamodel; path = "PDF_Letterhead 3.xcdatamodel"; sourceTree = "<group>"; };
		791500821C44E9400007ABDC /* drawerinicon.png */ = {isa = PBXFileReference; lastKnownFileType = image.png; path = drawerinicon.png; sourceTree = "<group>"; };
		791500831C44E9400007ABDC /* drawerouticon.png */ = {isa = PBXFileReference; lastKnownFileType = image.png; path = drawerouticon.png; sourceTree = "<group>"; };
		791500931C4519D00007ABDC /* PLTextFieldCell.h */ = {isa = PBXFileReference; fileEncoding = 4; lastKnownFileType = sourcecode.c.h; path = PLTextFieldCell.h; sourceTree = "<group>"; };
		791500941C4519D00007ABDC /* PLTextFieldCell.m */ = {isa = PBXFileReference; fileEncoding = 4; lastKnownFileType = sourcecode.c.objc; path = PLTextFieldCell.m; sourceTree = "<group>"; };
		791574E41C4924FA006B1FC8 /* splashscreen-nl.png */ = {isa = PBXFileReference; lastKnownFileType = image.png; path = "splashscreen-nl.png"; sourceTree = "<group>"; };
		791574E51C4924FA006B1FC8 /* bghelp-eng.png */ = {isa = PBXFileReference; lastKnownFileType = image.png; path = "bghelp-eng.png"; sourceTree = "<group>"; };
		791574E61C4924FA006B1FC8 /* bghelp-nl.png */ = {isa = PBXFileReference; lastKnownFileType = image.png; path = "bghelp-nl.png"; sourceTree = "<group>"; };
		791574E71C4924FA006B1FC8 /* splashscreen-eng.png */ = {isa = PBXFileReference; lastKnownFileType = image.png; path = "splashscreen-eng.png"; sourceTree = "<group>"; };
		791574E81C4924FA006B1FC8 /* upgradebutton-eng.png */ = {isa = PBXFileReference; lastKnownFileType = image.png; path = "upgradebutton-eng.png"; sourceTree = "<group>"; };
		791574E91C4924FA006B1FC8 /* upgradebutton-nl.png */ = {isa = PBXFileReference; lastKnownFileType = image.png; path = "upgradebutton-nl.png"; sourceTree = "<group>"; };
		79182E331C3BD26D00ABDDD9 /* PLTableRowView.h */ = {isa = PBXFileReference; fileEncoding = 4; lastKnownFileType = sourcecode.c.h; path = PLTableRowView.h; sourceTree = "<group>"; };
		79182E341C3BD26D00ABDDD9 /* PLTableRowView.m */ = {isa = PBXFileReference; fileEncoding = 4; lastKnownFileType = sourcecode.c.objc; path = PLTableRowView.m; sourceTree = "<group>"; };
		7928A3021C3D4D52006BA593 /* mag.png */ = {isa = PBXFileReference; lastKnownFileType = image.png; path = mag.png; sourceTree = "<group>"; };
		7928A3031C3D4D52006BA593 /* mail.png */ = {isa = PBXFileReference; lastKnownFileType = image.png; path = mail.png; sourceTree = "<group>"; };
		7928A3041C3D4D52006BA593 /* print.png */ = {isa = PBXFileReference; lastKnownFileType = image.png; path = print.png; sourceTree = "<group>"; };
		7928A3051C3D4D52006BA593 /* save.png */ = {isa = PBXFileReference; lastKnownFileType = image.png; path = save.png; sourceTree = "<group>"; };
		7928A3061C3D4D52006BA593 /* pencil.png */ = {isa = PBXFileReference; lastKnownFileType = image.png; path = pencil.png; sourceTree = "<group>"; };
		7928A3151C3D546F006BA593 /* PLImageView.h */ = {isa = PBXFileReference; fileEncoding = 4; lastKnownFileType = sourcecode.c.h; path = PLImageView.h; sourceTree = "<group>"; };
		7928A3161C3D546F006BA593 /* PLImageView.m */ = {isa = PBXFileReference; fileEncoding = 4; lastKnownFileType = sourcecode.c.objc; path = PLImageView.m; sourceTree = "<group>"; };
		79368AE01C3D710F0009DA2C /* Lite Icons.xcassets */ = {isa = PBXFileReference; lastKnownFileType = folder.assetcatalog; path = "Lite Icons.xcassets"; sourceTree = "<group>"; };
		79368AE21C3D716E0009DA2C /* Pro Icons.xcassets */ = {isa = PBXFileReference; lastKnownFileType = folder.assetcatalog; path = "Pro Icons.xcassets"; sourceTree = "<group>"; };
		79368AE71C3EADBC0009DA2C /* PDF_Letterhead 4.xcdatamodel */ = {isa = PBXFileReference; lastKnownFileType = wrapper.xcdatamodel; path = "PDF_Letterhead 4.xcdatamodel"; sourceTree = "<group>"; };
		79377FA01C1F0D5600901220 /* PLImageTransformer.h */ = {isa = PBXFileReference; fileEncoding = 4; lastKnownFileType = sourcecode.c.h; path = PLImageTransformer.h; sourceTree = "<group>"; };
		79377FA11C1F0D5600901220 /* PLImageTransformer.m */ = {isa = PBXFileReference; fileEncoding = 4; lastKnownFileType = sourcecode.c.objc; path = PLImageTransformer.m; sourceTree = "<group>"; };
		794DA9D51C3D008E00E64582 /* KBButton.h */ = {isa = PBXFileReference; fileEncoding = 4; lastKnownFileType = sourcecode.c.h; name = KBButton.h; path = "PDF Letterhead/KBButton.h"; sourceTree = SOURCE_ROOT; };
		794DA9D61C3D008E00E64582 /* KBButton.m */ = {isa = PBXFileReference; fileEncoding = 4; lastKnownFileType = sourcecode.c.objc; name = KBButton.m; path = "PDF Letterhead/KBButton.m"; sourceTree = SOURCE_ROOT; };
		794DA9D71C3D008E00E64582 /* KBButtonCell.h */ = {isa = PBXFileReference; fileEncoding = 4; lastKnownFileType = sourcecode.c.h; name = KBButtonCell.h; path = "PDF Letterhead/KBButtonCell.h"; sourceTree = SOURCE_ROOT; };
		794DA9D81C3D008E00E64582 /* KBButtonCell.m */ = {isa = PBXFileReference; fileEncoding = 4; lastKnownFileType = sourcecode.c.objc; name = KBButtonCell.m; path = "PDF Letterhead/KBButtonCell.m"; sourceTree = SOURCE_ROOT; };
		794DA9D91C3D008E00E64582 /* NSColor+ColorExtensions.h */ = {isa = PBXFileReference; fileEncoding = 4; lastKnownFileType = sourcecode.c.h; name = "NSColor+ColorExtensions.h"; path = "PDF Letterhead/NSColor+ColorExtensions.h"; sourceTree = SOURCE_ROOT; };
		794DA9DA1C3D008E00E64582 /* NSColor+ColorExtensions.m */ = {isa = PBXFileReference; fileEncoding = 4; lastKnownFileType = sourcecode.c.objc; name = "NSColor+ColorExtensions.m"; path = "PDF Letterhead/NSColor+ColorExtensions.m"; sourceTree = SOURCE_ROOT; };
		79527AAF1C4553EA0030D6F9 /* PLTableCellView.h */ = {isa = PBXFileReference; fileEncoding = 4; lastKnownFileType = sourcecode.c.h; path = PLTableCellView.h; sourceTree = "<group>"; };
		79527AB01C4553EA0030D6F9 /* PLTableCellView.m */ = {isa = PBXFileReference; fileEncoding = 4; lastKnownFileType = sourcecode.c.objc; path = PLTableCellView.m; sourceTree = "<group>"; };
		79527AB31C45565B0030D6F9 /* PLButtonCell.h */ = {isa = PBXFileReference; fileEncoding = 4; lastKnownFileType = sourcecode.c.h; path = PLButtonCell.h; sourceTree = "<group>"; };
		79527AB41C45565B0030D6F9 /* PLButtonCell.m */ = {isa = PBXFileReference; fileEncoding = 4; lastKnownFileType = sourcecode.c.objc; path = PLButtonCell.m; sourceTree = "<group>"; };
		79527AB71C4559D50030D6F9 /* pencilwhite.png */ = {isa = PBXFileReference; lastKnownFileType = image.png; path = pencilwhite.png; sourceTree = "<group>"; };
		79527AB81C4559D50030D6F9 /* pencilgray.png */ = {isa = PBXFileReference; lastKnownFileType = image.png; path = pencilgray.png; sourceTree = "<group>"; };
		796149091C4407CA002E7462 /* closebutton.png */ = {isa = PBXFileReference; lastKnownFileType = image.png; path = closebutton.png; sourceTree = "<group>"; };
		7967FB3A1C47A99100EC2C73 /* en */ = {isa = PBXFileReference; lastKnownFileType = file.xib; name = en; path = en.lproj/PLProfileEditWindow.xib; sourceTree = "<group>"; };
		7967FB401C47AC5500EC2C73 /* nl */ = {isa = PBXFileReference; lastKnownFileType = file.xib; name = nl; path = nl.lproj/PLProfileEditWindow.xib; sourceTree = "<group>"; };
		7967FB411C47AC5500EC2C73 /* nl */ = {isa = PBXFileReference; lastKnownFileType = file.xib; name = nl; path = nl.lproj/MainMenu.xib; sourceTree = "<group>"; };
		7967FB441C47AC5500EC2C73 /* nl */ = {isa = PBXFileReference; lastKnownFileType = text.rtf; name = nl; path = nl.lproj/Credits.rtf; sourceTree = "<group>"; };
		7967FB511C47B31E00EC2C73 /* newsaveicon.png */ = {isa = PBXFileReference; lastKnownFileType = image.png; path = newsaveicon.png; sourceTree = "<group>"; };
		7967FB561C47B4DC00EC2C73 /* nl */ = {isa = PBXFileReference; lastKnownFileType = file.xib; name = nl; path = nl.lproj/PLQuickStart1.xib; sourceTree = "<group>"; };
		7967FB581C47B4E600EC2C73 /* en */ = {isa = PBXFileReference; lastKnownFileType = file.xib; name = en; path = en.lproj/PLQuickStart1.xib; sourceTree = "<group>"; };
		796BD8EE1C4D1FB30071AE90 /* nl */ = {isa = PBXFileReference; lastKnownFileType = text.plist.strings; name = nl; path = "nl.lproj/PDF Letterhead LitePlist.strings"; sourceTree = "<group>"; };
		796BD8F31C4D1FB40071AE90 /* nl */ = {isa = PBXFileReference; lastKnownFileType = text.plist.strings; name = nl; path = "nl.lproj/PDF Letterhead ProPlist.strings"; sourceTree = "<group>"; };
		796BD8F81C4D1FB40071AE90 /* nl */ = {isa = PBXFileReference; lastKnownFileType = text.plist.strings; name = nl; path = nl.lproj/Localizable.strings; sourceTree = "<group>"; };
		79726F051C16ED6E003B85D2 /* PDF Letterhead Pro.app */ = {isa = PBXFileReference; explicitFileType = wrapper.application; includeInIndex = 0; path = "PDF Letterhead Pro.app"; sourceTree = BUILT_PRODUCTS_DIR; };
		79726F061C16ED6F003B85D2 /* PDF Letterhead Pro.plist */ = {isa = PBXFileReference; lastKnownFileType = text.plist.xml; name = "PDF Letterhead Pro.plist"; path = "/Users/richard/Apps/pdf_letterhead/PDF Letterhead/PDF Letterhead Pro.plist"; sourceTree = "<absolute>"; };
		79EEDAA51C22CF0C00DE767E /* PLProfileEditWindow.h */ = {isa = PBXFileReference; fileEncoding = 4; lastKnownFileType = sourcecode.c.h; path = PLProfileEditWindow.h; sourceTree = "<group>"; };
		79EEDAA61C22CF0C00DE767E /* PLProfileEditWindow.m */ = {isa = PBXFileReference; fileEncoding = 4; lastKnownFileType = sourcecode.c.objc; path = PLProfileEditWindow.m; sourceTree = "<group>"; };
/* End PBXFileReference section */

/* Begin PBXFrameworksBuildPhase section */
		3E6835BE1607C90400DDFB82 /* Frameworks */ = {
			isa = PBXFrameworksBuildPhase;
			buildActionMask = 2147483647;
			files = (
				3E51688418591F4B007E2F3C /* WebKit.framework in Frameworks */,
				3E6835ED1607CA8A00DDFB82 /* Quartz.framework in Frameworks */,
				3E6835C61607C90400DDFB82 /* Cocoa.framework in Frameworks */,
			);
			runOnlyForDeploymentPostprocessing = 0;
		};
		79726EE11C16ED6E003B85D2 /* Frameworks */ = {
			isa = PBXFrameworksBuildPhase;
			buildActionMask = 2147483647;
			files = (
				79726EE21C16ED6E003B85D2 /* WebKit.framework in Frameworks */,
				79726EE31C16ED6E003B85D2 /* Quartz.framework in Frameworks */,
				79726EE41C16ED6E003B85D2 /* Cocoa.framework in Frameworks */,
			);
			runOnlyForDeploymentPostprocessing = 0;
		};
/* End PBXFrameworksBuildPhase section */

/* Begin PBXGroup section */
		3E27702A1677D726002DD3DE /* MainWindow */ = {
			isa = PBXGroup;
			children = (
				3E3C6E031628C2EF000DEB08 /* PLMainWindowView.h */,
				3E3C6E041628C2EF000DEB08 /* PLMainWindowView.m */,
				3E6835F51607D22100DDFB82 /* PLPDFPage.h */,
				3E6835F61607D22100DDFB82 /* PLPDFPage.m */,
				3E9F2DA91679378E00486537 /* PLPDFBgAreaView.h */,
				3E9F2DAA1679378E00486537 /* PLPDFBgAreaView.m */,
				3E6835F21607CC7900DDFB82 /* PLDropZone.h */,
				3E6835F31607CC7900DDFB82 /* PLDropZone.m */,
				3E798B741677F336006F47F5 /* PLPDFBgView.h */,
				3E798B751677F336006F47F5 /* PLPDFBgView.m */,
				3E2770401677E336002DD3DE /* PLBackgroundDropZoneContainer.h */,
				3E2770411677E336002DD3DE /* PLBackgroundDropZoneContainer.m */,
				3E2770381677DC2D002DD3DE /* PLBottomToolbarView.h */,
				3E2770391677DC2D002DD3DE /* PLBottomToolbarView.m */,
				79182E331C3BD26D00ABDDD9 /* PLTableRowView.h */,
				79182E341C3BD26D00ABDDD9 /* PLTableRowView.m */,
				7928A3151C3D546F006BA593 /* PLImageView.h */,
				7928A3161C3D546F006BA593 /* PLImageView.m */,
				791500931C4519D00007ABDC /* PLTextFieldCell.h */,
				791500941C4519D00007ABDC /* PLTextFieldCell.m */,
				79527AAF1C4553EA0030D6F9 /* PLTableCellView.h */,
				79527AB01C4553EA0030D6F9 /* PLTableCellView.m */,
				79527AB31C45565B0030D6F9 /* PLButtonCell.h */,
				79527AB41C45565B0030D6F9 /* PLButtonCell.m */,
			);
			name = MainWindow;
			sourceTree = "<group>";
		};
		3E2AFEFD16A5F4B3006D2CB0 /* Upgrade Splash */ = {
			isa = PBXGroup;
			children = (
				3E2AFF0316A5F8B3006D2CB0 /* PLQuickStart1.h */,
				3E2AFF0416A5F8B3006D2CB0 /* PLQuickStart1.m */,
				7967FB571C47B4DC00EC2C73 /* PLQuickStart1.xib */,
			);
			name = "Upgrade Splash";
			path = ..;
			sourceTree = "<group>";
		};
		3E3FC58D167A9F7B0006D91B /* FAQWindow */ = {
			isa = PBXGroup;
			children = (
				3E9850B51BF4E29900D7ABAB /* PLFAQWindowController.h */,
				3E9850B61BF4E29900D7ABAB /* PLFAQWindowController.m */,
			);
			name = FAQWindow;
			sourceTree = "<group>";
		};
		3E3FC58E167A9F870006D91B /* PreviewWindow */ = {
			isa = PBXGroup;
			children = (
				3EFB08F61615032E006063F9 /* PLPreviewWindow.h */,
				3EFB08F71615032E006063F9 /* PLPreviewWindow.m */,
			);
			name = PreviewWindow;
			sourceTree = "<group>";
		};
		3E3FC58F167A9FC70006D91B /* images */ = {
			isa = PBXGroup;
			children = (
				3E67446D16794BE400D99390 /* saveicon.png */,
				3E6744681679448400D99390 /* printer.png */,
				3E2770431677E463002DD3DE /* bgdrop.png */,
				3E798B721677F053006F47F5 /* contentdrop.png */,
				3E2770441677E463002DD3DE /* coverdrop.png */,
			);
			name = images;
			sourceTree = "<group>";
		};
		3E5A5B8C1C3C644600ECD755 /* KBButton */ = {
			isa = PBXGroup;
			children = (
				794DA9D51C3D008E00E64582 /* KBButton.h */,
				794DA9D61C3D008E00E64582 /* KBButton.m */,
				794DA9D71C3D008E00E64582 /* KBButtonCell.h */,
				794DA9D81C3D008E00E64582 /* KBButtonCell.m */,
				794DA9D91C3D008E00E64582 /* NSColor+ColorExtensions.h */,
				794DA9DA1C3D008E00E64582 /* NSColor+ColorExtensions.m */,
			);
			name = KBButton;
			path = ../../../../../forks/KBButton/KBButton;
			sourceTree = "<group>";
		};
		3E6835B61607C90300DDFB82 = {
			isa = PBXGroup;
			children = (
				3E6835CB1607C90400DDFB82 /* PDF Letterhead */,
				3E6835C41607C90400DDFB82 /* Frameworks */,
				3E6835C21607C90400DDFB82 /* Products */,
			);
			sourceTree = "<group>";
		};
		3E6835C21607C90400DDFB82 /* Products */ = {
			isa = PBXGroup;
			children = (
				3E6835C11607C90400DDFB82 /* PDF Letterhead Lite.app */,
				79726F051C16ED6E003B85D2 /* PDF Letterhead Pro.app */,
			);
			name = Products;
			sourceTree = "<group>";
		};
		3E6835C41607C90400DDFB82 /* Frameworks */ = {
			isa = PBXGroup;
			children = (
				3E51688318591F4B007E2F3C /* WebKit.framework */,
				3E6835EC1607CA8A00DDFB82 /* Quartz.framework */,
				3E6835C51607C90400DDFB82 /* Cocoa.framework */,
				3E6835C71607C90400DDFB82 /* Other Frameworks */,
			);
			name = Frameworks;
			sourceTree = "<group>";
		};
		3E6835C71607C90400DDFB82 /* Other Frameworks */ = {
			isa = PBXGroup;
			children = (
				3E6835C81607C90400DDFB82 /* AppKit.framework */,
				3E6835C91607C90400DDFB82 /* CoreData.framework */,
				3E6835CA1607C90400DDFB82 /* Foundation.framework */,
			);
			name = "Other Frameworks";
			sourceTree = "<group>";
		};
		3E6835CB1607C90400DDFB82 /* PDF Letterhead */ = {
			isa = PBXGroup;
			children = (
				3E9B90061C3AD9C2003D86E0 /* ITSwitch */,
				3E5A5B8C1C3C644600ECD755 /* KBButton */,
				3E2AFEFD16A5F4B3006D2CB0 /* Upgrade Splash */,
				3E3FC58D167A9F7B0006D91B /* FAQWindow */,
				79B9AC8A1C18851900B260F6 /* ProfilesWindow */,
				3E3FC58E167A9F870006D91B /* PreviewWindow */,
				3E27702A1677D726002DD3DE /* MainWindow */,
				3E6835D71607C90400DDFB82 /* PLAppDelegate.h */,
				3E6835D81607C90400DDFB82 /* PLAppDelegate.m */,
				3E6835DA1607C90400DDFB82 /* MainMenu.xib */,
				3E6835CC1607C90400DDFB82 /* Supporting Files */,
			);
			path = "PDF Letterhead";
			sourceTree = "<group>";
		};
		3E6835CC1607C90400DDFB82 /* Supporting Files */ = {
			isa = PBXGroup;
			children = (
				796BD8F91C4D1FB40071AE90 /* Localizable.strings */,
				796BD8F41C4D1FB40071AE90 /* PDF Letterhead ProPlist.strings */,
				796BD8EF1C4D1FB30071AE90 /* PDF Letterhead LitePlist.strings */,
				3E9AC0C71C3C75EB00DBDBE8 /* imgnew */,
				3E3FC58F167A9FC70006D91B /* images */,
				3E6835DD1607C90400DDFB82 /* PDF_Letterhead.xcdatamodeld */,
				3EF7E6BA16089C21008EA1B1 /* white.pdf */,
				3EAF7FEE1AB23FE100C4EFB1 /* PDF Letterhead.entitlements */,
				3E7BC9D3162459EE0092BF5E /* pdfletterheadMac.icns */,
				3E6836021607EE8C00DDFB82 /* pdfletterheadIOS.icns */,
				3E6835CD1607C90400DDFB82 /* PDF Letterhead Lite.plist */,
				79726F061C16ED6F003B85D2 /* PDF Letterhead Pro.plist */,
				3E6835D11607C90400DDFB82 /* main.m */,
				3E6835D31607C90400DDFB82 /* PDF Letterhead-Prefix.pch */,
				3E6835D41607C90400DDFB82 /* Credits.rtf */,
				3EF7E6BD16089EFA008EA1B1 /* FAQ.rtf */,
				79368AE01C3D710F0009DA2C /* Lite Icons.xcassets */,
				79368AE21C3D716E0009DA2C /* Pro Icons.xcassets */,
			);
			name = "Supporting Files";
			sourceTree = "<group>";
		};
		3E7849301C4D017700A01DCF /* icons */ = {
			isa = PBXGroup;
			children = (
				7967FB511C47B31E00EC2C73 /* newsaveicon.png */,
				79527AB71C4559D50030D6F9 /* pencilwhite.png */,
				79527AB81C4559D50030D6F9 /* pencilgray.png */,
				791500821C44E9400007ABDC /* drawerinicon.png */,
				791500831C44E9400007ABDC /* drawerouticon.png */,
				796149091C4407CA002E7462 /* closebutton.png */,
				7928A3021C3D4D52006BA593 /* mag.png */,
				7928A3031C3D4D52006BA593 /* mail.png */,
				7928A3041C3D4D52006BA593 /* print.png */,
				7928A3051C3D4D52006BA593 /* save.png */,
				7928A3061C3D4D52006BA593 /* pencil.png */,
			);
			name = icons;
			sourceTree = "<group>";
		};
		3E7849311C4D018300A01DCF /* upgrade splash screens */ = {
			isa = PBXGroup;
			children = (
				791574E41C4924FA006B1FC8 /* splashscreen-nl.png */,
				791574E71C4924FA006B1FC8 /* splashscreen-eng.png */,
			);
			name = "upgrade splash screens";
			sourceTree = "<group>";
		};
		3E7849321C4D01B200A01DCF /* Background help screens */ = {
			isa = PBXGroup;
			children = (
				791574E51C4924FA006B1FC8 /* bghelp-eng.png */,
				791574E61C4924FA006B1FC8 /* bghelp-nl.png */,
			);
			name = "Background help screens";
			sourceTree = "<group>";
		};
		3E7849331C4D01C400A01DCF /* Upgrade buttons */ = {
			isa = PBXGroup;
			children = (
				791574E81C4924FA006B1FC8 /* upgradebutton-eng.png */,
				791574E91C4924FA006B1FC8 /* upgradebutton-nl.png */,
			);
			name = "Upgrade buttons";
			sourceTree = "<group>";
		};
		3E9AC0C71C3C75EB00DBDBE8 /* imgnew */ = {
			isa = PBXGroup;
			children = (
				3E7849311C4D018300A01DCF /* upgrade splash screens */,
				3E7849321C4D01B200A01DCF /* Background help screens */,
				3E7849331C4D01C400A01DCF /* Upgrade buttons */,
				3E7849301C4D017700A01DCF /* icons */,
			);
			name = imgnew;
			sourceTree = "<group>";
		};
		3E9B90061C3AD9C2003D86E0 /* ITSwitch */ = {
			isa = PBXGroup;
			children = (
				3E9B90021C3AD9B9003D86E0 /* ITSwitch.h */,
				3E9B90031C3AD9B9003D86E0 /* ITSwitch.m */,
			);
			name = ITSwitch;
			sourceTree = "<group>";
		};
		79B9AC8A1C18851900B260F6 /* ProfilesWindow */ = {
			isa = PBXGroup;
			children = (
				7910E6B81C206CAC00398823 /* Profile+CoreDataProperties.h */,
				7910E6B91C206CAC00398823 /* Profile+CoreDataProperties.m */,
				7910E6BA1C206CAC00398823 /* Profile.h */,
				7910E6BB1C206CAC00398823 /* Profile.m */,
				79377FA01C1F0D5600901220 /* PLImageTransformer.h */,
				79377FA11C1F0D5600901220 /* PLImageTransformer.m */,
				79EEDAA51C22CF0C00DE767E /* PLProfileEditWindow.h */,
				79EEDAA61C22CF0C00DE767E /* PLProfileEditWindow.m */,
				7967FB391C47A98C00EC2C73 /* PLProfileEditWindow.xib */,
			);
			name = ProfilesWindow;
			sourceTree = "<group>";
		};
/* End PBXGroup section */

/* Begin PBXNativeTarget section */
		3E6835C01607C90400DDFB82 /* PDF Letterhead Lite */ = {
			isa = PBXNativeTarget;
			buildConfigurationList = 3E6835E21607C90400DDFB82 /* Build configuration list for PBXNativeTarget "PDF Letterhead Lite" */;
			buildPhases = (
				3EF7E6C41608A136008EA1B1 /* ShellScript */,
				3E6835BD1607C90400DDFB82 /* Sources */,
				3E6835BE1607C90400DDFB82 /* Frameworks */,
				3E6835BF1607C90400DDFB82 /* Resources */,
			);
			buildRules = (
			);
			dependencies = (
			);
			name = "PDF Letterhead Lite";
			productName = "PDF Letterhead";
			productReference = 3E6835C11607C90400DDFB82 /* PDF Letterhead Lite.app */;
			productType = "com.apple.product-type.application";
		};
		79726ECC1C16ED6E003B85D2 /* PDF Letterhead Pro */ = {
			isa = PBXNativeTarget;
			buildConfigurationList = 79726F021C16ED6E003B85D2 /* Build configuration list for PBXNativeTarget "PDF Letterhead Pro" */;
			buildPhases = (
				79726ECD1C16ED6E003B85D2 /* ShellScript */,
				79726ECE1C16ED6E003B85D2 /* Sources */,
				79726EE11C16ED6E003B85D2 /* Frameworks */,
				79726EE51C16ED6E003B85D2 /* Resources */,
			);
			buildRules = (
			);
			dependencies = (
			);
			name = "PDF Letterhead Pro";
			productName = "PDF Letterhead";
			productReference = 79726F051C16ED6E003B85D2 /* PDF Letterhead Pro.app */;
			productType = "com.apple.product-type.application";
		};
/* End PBXNativeTarget section */

/* Begin PBXProject section */
		3E6835B81607C90300DDFB82 /* Project object */ = {
			isa = PBXProject;
			attributes = {
				CLASSPREFIX = PL;
				LastSwiftUpdateCheck = 0710;
				LastUpgradeCheck = 0710;
				ORGANIZATIONNAME = "Pim Snel";
				TargetAttributes = {
					3E6835C01607C90400DDFB82 = {
						DevelopmentTeam = 3WQRKDPTP8;
						SystemCapabilities = {
							com.apple.Sandbox = {
								enabled = 1;
							};
						};
					};
				};
			};
			buildConfigurationList = 3E6835BB1607C90300DDFB82 /* Build configuration list for PBXProject "PDF Letterhead" */;
			compatibilityVersion = "Xcode 3.2";
			developmentRegion = English;
			hasScannedForEncodings = 0;
			knownRegions = (
				en,
				nl,
			);
			mainGroup = 3E6835B61607C90300DDFB82;
			productRefGroup = 3E6835C21607C90400DDFB82 /* Products */;
			projectDirPath = "";
			projectRoot = "";
			targets = (
				3E6835C01607C90400DDFB82 /* PDF Letterhead Lite */,
				79726ECC1C16ED6E003B85D2 /* PDF Letterhead Pro */,
			);
		};
/* End PBXProject section */

/* Begin PBXResourcesBuildPhase section */
		3E6835BF1607C90400DDFB82 /* Resources */ = {
			isa = PBXResourcesBuildPhase;
			buildActionMask = 2147483647;
			files = (
				791574EA1C4924FA006B1FC8 /* splashscreen-nl.png in Resources */,
				791574EF1C4924FA006B1FC8 /* upgradebutton-nl.png in Resources */,
				79368AE11C3D710F0009DA2C /* Lite Icons.xcassets in Resources */,
				3E6835D61607C90400DDFB82 /* Credits.rtf in Resources */,
				3E6836031607EE8C00DDFB82 /* pdfletterheadIOS.icns in Resources */,
				79527ABB1C4559D50030D6F9 /* pencilgray.png in Resources */,
				3EF7E6BB16089C21008EA1B1 /* white.pdf in Resources */,
				3EF7E6BE16089EFA008EA1B1 /* FAQ.rtf in Resources */,
				3E7BC9D4162459EE0092BF5E /* pdfletterheadMac.icns in Resources */,
				3E2770451677E464002DD3DE /* bgdrop.png in Resources */,
				791500841C44E9400007ABDC /* drawerinicon.png in Resources */,
				791574ED1C4924FA006B1FC8 /* splashscreen-eng.png in Resources */,
				3E2770461677E464002DD3DE /* coverdrop.png in Resources */,
				796BD8F71C4D1FB40071AE90 /* Localizable.strings in Resources */,
				791500851C44E9400007ABDC /* drawerouticon.png in Resources */,
				3E798B731677F053006F47F5 /* contentdrop.png in Resources */,
				3E67446A1679448400D99390 /* printer.png in Resources */,
				3E67446E16794BE400D99390 /* saveicon.png in Resources */,
				791574EC1C4924FA006B1FC8 /* bghelp-nl.png in Resources */,
				791574EE1C4924FA006B1FC8 /* upgradebutton-eng.png in Resources */,
				7928A3071C3D4D52006BA593 /* mag.png in Resources */,
				79527AB91C4559D50030D6F9 /* pencilwhite.png in Resources */,
				7967FB521C47B31E00EC2C73 /* newsaveicon.png in Resources */,
				7967FB541C47B4DC00EC2C73 /* PLQuickStart1.xib in Resources */,
				7928A3141C3D50A2006BA593 /* MainMenu.xib in Resources */,
				7967FB361C47A98C00EC2C73 /* PLProfileEditWindow.xib in Resources */,
				791574EB1C4924FA006B1FC8 /* bghelp-eng.png in Resources */,
				7928A3081C3D4D52006BA593 /* mail.png in Resources */,
				7928A3091C3D4D52006BA593 /* print.png in Resources */,
				796BD8ED1C4D1FB30071AE90 /* PDF Letterhead LitePlist.strings in Resources */,
				7961490A1C4407CA002E7462 /* closebutton.png in Resources */,
				7928A30B1C3D4D52006BA593 /* pencil.png in Resources */,
				7928A30A1C3D4D52006BA593 /* save.png in Resources */,
			);
			runOnlyForDeploymentPostprocessing = 0;
		};
		79726EE51C16ED6E003B85D2 /* Resources */ = {
			isa = PBXResourcesBuildPhase;
			buildActionMask = 2147483647;
			files = (
				791574F01C4924FF006B1FC8 /* splashscreen-nl.png in Resources */,
				791574F51C4924FF006B1FC8 /* upgradebutton-nl.png in Resources */,
				79726EE71C16ED6E003B85D2 /* Credits.rtf in Resources */,
				7928A3121C3D4FC9006BA593 /* save.png in Resources */,
				79726EE81C16ED6E003B85D2 /* MainMenu.xib in Resources */,
				79527ABC1C4559D50030D6F9 /* pencilgray.png in Resources */,
				79726EEB1C16ED6E003B85D2 /* pdfletterheadIOS.icns in Resources */,
				79726EEC1C16ED6E003B85D2 /* white.pdf in Resources */,
				79726EED1C16ED6E003B85D2 /* FAQ.rtf in Resources */,
				7928A3131C3D4FC9006BA593 /* pencil.png in Resources */,
				79726EEE1C16ED6E003B85D2 /* pdfletterheadMac.icns in Resources */,
				791574F31C4924FF006B1FC8 /* splashscreen-eng.png in Resources */,
				791500861C44E9430007ABDC /* drawerinicon.png in Resources */,
				79726EF11C16ED6E003B85D2 /* bgdrop.png in Resources */,
				791500871C44E9460007ABDC /* drawerouticon.png in Resources */,
				79726EF21C16ED6E003B85D2 /* coverdrop.png in Resources */,
				796BD8F21C4D1FB40071AE90 /* PDF Letterhead ProPlist.strings in Resources */,
				79368AE31C3D716E0009DA2C /* Pro Icons.xcassets in Resources */,
				791574F21C4924FF006B1FC8 /* bghelp-nl.png in Resources */,
				791574F41C4924FF006B1FC8 /* upgradebutton-eng.png in Resources */,
				79726EF51C16ED6E003B85D2 /* contentdrop.png in Resources */,
				7928A30F1C3D4FC9006BA593 /* mag.png in Resources */,
				79527ABA1C4559D50030D6F9 /* pencilwhite.png in Resources */,
				7967FB531C47B3D100EC2C73 /* newsaveicon.png in Resources */,
				79726EF91C16ED6E003B85D2 /* printer.png in Resources */,
				79726EFB1C16ED6E003B85D2 /* saveicon.png in Resources */,
				791574F11C4924FF006B1FC8 /* bghelp-eng.png in Resources */,
				7928A3111C3D4FC9006BA593 /* print.png in Resources */,
				7967FB551C47B4DC00EC2C73 /* PLQuickStart1.xib in Resources */,
				7967FB371C47A98C00EC2C73 /* PLProfileEditWindow.xib in Resources */,
				7961490B1C4408C6002E7462 /* closebutton.png in Resources */,
				7928A3101C3D4FC9006BA593 /* mail.png in Resources */,
			);
			runOnlyForDeploymentPostprocessing = 0;
		};
/* End PBXResourcesBuildPhase section */

/* Begin PBXShellScriptBuildPhase section */
		3EF7E6C41608A136008EA1B1 /* ShellScript */ = {
			isa = PBXShellScriptBuildPhase;
			buildActionMask = 2147483647;
			files = (
			);
			inputPaths = (
			);
			outputPaths = (
			);
			runOnlyForDeploymentPostprocessing = 0;
			shellPath = /bin/sh;
			shellScript = "#!/bin/bash\nbN=$(/usr/libexec/PlistBuddy -c \"Print CFBundleVersion\" \"$INFOPLIST_FILE\")\n#bN=$((0x$bN))\nbN=$(($bN + 1))\nbN=$(printf \"%u\" $bN)\n/usr/libexec/PlistBuddy -c \"Set :CFBundleVersion $bN\" \"$INFOPLIST_FILE\"";
		};
		79726ECD1C16ED6E003B85D2 /* ShellScript */ = {
			isa = PBXShellScriptBuildPhase;
			buildActionMask = 2147483647;
			files = (
			);
			inputPaths = (
			);
			outputPaths = (
			);
			runOnlyForDeploymentPostprocessing = 0;
			shellPath = /bin/sh;
			shellScript = "#!/bin/bash\nbN=$(/usr/libexec/PlistBuddy -c \"Print CFBundleVersion\" \"$INFOPLIST_FILE\")\n#bN=$((0x$bN))\nbN=$(($bN + 1))\nbN=$(printf \"%u\" $bN)\n/usr/libexec/PlistBuddy -c \"Set :CFBundleVersion $bN\" \"$INFOPLIST_FILE\"";
		};
/* End PBXShellScriptBuildPhase section */

/* Begin PBXSourcesBuildPhase section */
		3E6835BD1607C90400DDFB82 /* Sources */ = {
			isa = PBXSourcesBuildPhase;
			buildActionMask = 2147483647;
			files = (
				3E6835D21607C90400DDFB82 /* main.m in Sources */,
				3E6835D91607C90400DDFB82 /* PLAppDelegate.m in Sources */,
				3E6835DF1607C90400DDFB82 /* PDF_Letterhead.xcdatamodeld in Sources */,
				3E6835F41607CC7900DDFB82 /* PLDropZone.m in Sources */,
				3E6835F71607D22100DDFB82 /* PLPDFPage.m in Sources */,
				79182E351C3BD26D00ABDDD9 /* PLTableRowView.m in Sources */,
				3EFB08F81615032E006063F9 /* PLPreviewWindow.m in Sources */,
				794DA9DC1C3D008E00E64582 /* KBButtonCell.m in Sources */,
				3E3C6E051628C2EF000DEB08 /* PLMainWindowView.m in Sources */,
				79377FA21C1F0D5600901220 /* PLImageTransformer.m in Sources */,
				7910E6BC1C206CAC00398823 /* Profile+CoreDataProperties.m in Sources */,
				79527AB11C4553EA0030D6F9 /* PLTableCellView.m in Sources */,
				3E9B90041C3AD9B9003D86E0 /* ITSwitch.m in Sources */,
				79527AB51C45565B0030D6F9 /* PLButtonCell.m in Sources */,
				7910E6BE1C206CAC00398823 /* Profile.m in Sources */,
				79EEDAA71C22CF0C00DE767E /* PLProfileEditWindow.m in Sources */,
				7928A3171C3D546F006BA593 /* PLImageView.m in Sources */,
				794DA9DB1C3D008E00E64582 /* KBButton.m in Sources */,
				3E27703A1677DC2D002DD3DE /* PLBottomToolbarView.m in Sources */,
				791500951C4519D00007ABDC /* PLTextFieldCell.m in Sources */,
				3E2770421677E336002DD3DE /* PLBackgroundDropZoneContainer.m in Sources */,
				3E798B761677F336006F47F5 /* PLPDFBgView.m in Sources */,
				794DA9DD1C3D008E00E64582 /* NSColor+ColorExtensions.m in Sources */,
				3E9F2DAB1679378E00486537 /* PLPDFBgAreaView.m in Sources */,
				3E2AFF0616A5F8B3006D2CB0 /* PLQuickStart1.m in Sources */,
				3E9850B71BF4E29900D7ABAB /* PLFAQWindowController.m in Sources */,
			);
			runOnlyForDeploymentPostprocessing = 0;
		};
		79726ECE1C16ED6E003B85D2 /* Sources */ = {
			isa = PBXSourcesBuildPhase;
			buildActionMask = 2147483647;
			files = (
				79726ECF1C16ED6E003B85D2 /* main.m in Sources */,
				79726ED01C16ED6E003B85D2 /* PLAppDelegate.m in Sources */,
				79726ED11C16ED6E003B85D2 /* PDF_Letterhead.xcdatamodeld in Sources */,
				79726ED21C16ED6E003B85D2 /* PLDropZone.m in Sources */,
				79726ED31C16ED6E003B85D2 /* PLPDFPage.m in Sources */,
				79182E361C3BD26D00ABDDD9 /* PLTableRowView.m in Sources */,
				79726ED51C16ED6E003B85D2 /* PLPreviewWindow.m in Sources */,
				7928A30D1C3D4E88006BA593 /* KBButtonCell.m in Sources */,
				79726ED61C16ED6E003B85D2 /* PLMainWindowView.m in Sources */,
				79377FA31C1F0D5600901220 /* PLImageTransformer.m in Sources */,
				7910E6BD1C206CAC00398823 /* Profile+CoreDataProperties.m in Sources */,
				79527AB21C4553EA0030D6F9 /* PLTableCellView.m in Sources */,
				3E9B90051C3AD9B9003D86E0 /* ITSwitch.m in Sources */,
				79527AB61C45565B0030D6F9 /* PLButtonCell.m in Sources */,
				7910E6BF1C206CAC00398823 /* Profile.m in Sources */,
				79EEDAA81C22CF0C00DE767E /* PLProfileEditWindow.m in Sources */,
				7928A3181C3D546F006BA593 /* PLImageView.m in Sources */,
				7928A30C1C3D4E85006BA593 /* KBButton.m in Sources */,
				79726ED91C16ED6E003B85D2 /* PLBottomToolbarView.m in Sources */,
				791500961C4519D00007ABDC /* PLTextFieldCell.m in Sources */,
				79726EDA1C16ED6E003B85D2 /* PLBackgroundDropZoneContainer.m in Sources */,
				79726EDB1C16ED6E003B85D2 /* PLPDFBgView.m in Sources */,
				7928A30E1C3D4E8B006BA593 /* NSColor+ColorExtensions.m in Sources */,
				79726EDC1C16ED6E003B85D2 /* PLPDFBgAreaView.m in Sources */,
				79726EDF1C16ED6E003B85D2 /* PLQuickStart1.m in Sources */,
				79726EE01C16ED6E003B85D2 /* PLFAQWindowController.m in Sources */,
			);
			runOnlyForDeploymentPostprocessing = 0;
		};
/* End PBXSourcesBuildPhase section */

/* Begin PBXVariantGroup section */
		3E6835D41607C90400DDFB82 /* Credits.rtf */ = {
			isa = PBXVariantGroup;
			children = (
				3E6835D51607C90400DDFB82 /* en */,
				7967FB441C47AC5500EC2C73 /* nl */,
			);
			name = Credits.rtf;
			sourceTree = "<group>";
		};
		3E6835DA1607C90400DDFB82 /* MainMenu.xib */ = {
			isa = PBXVariantGroup;
			children = (
				3E6835DB1607C90400DDFB82 /* en */,
				7967FB411C47AC5500EC2C73 /* nl */,
			);
			name = MainMenu.xib;
			sourceTree = "<group>";
		};
		7967FB391C47A98C00EC2C73 /* PLProfileEditWindow.xib */ = {
			isa = PBXVariantGroup;
			children = (
				7967FB3A1C47A99100EC2C73 /* en */,
				7967FB401C47AC5500EC2C73 /* nl */,
			);
			name = PLProfileEditWindow.xib;
			sourceTree = "<group>";
		};
		7967FB571C47B4DC00EC2C73 /* PLQuickStart1.xib */ = {
			isa = PBXVariantGroup;
			children = (
				7967FB561C47B4DC00EC2C73 /* nl */,
				7967FB581C47B4E600EC2C73 /* en */,
			);
			name = PLQuickStart1.xib;
			path = "PDF Letterhead";
			sourceTree = "<group>";
		};
		796BD8EF1C4D1FB30071AE90 /* PDF Letterhead LitePlist.strings */ = {
			isa = PBXVariantGroup;
			children = (
				796BD8EE1C4D1FB30071AE90 /* nl */,
			);
			name = "PDF Letterhead LitePlist.strings";
			sourceTree = "<group>";
		};
		796BD8F41C4D1FB40071AE90 /* PDF Letterhead ProPlist.strings */ = {
			isa = PBXVariantGroup;
			children = (
				796BD8F31C4D1FB40071AE90 /* nl */,
			);
			name = "PDF Letterhead ProPlist.strings";
			sourceTree = SOURCE_ROOT;
		};
		796BD8F91C4D1FB40071AE90 /* Localizable.strings */ = {
			isa = PBXVariantGroup;
			children = (
				796BD8F81C4D1FB40071AE90 /* nl */,
			);
			name = Localizable.strings;
			sourceTree = "<group>";
		};
/* End PBXVariantGroup section */

/* Begin XCBuildConfiguration section */
		3E6835E01607C90400DDFB82 /* Debug */ = {
			isa = XCBuildConfiguration;
			buildSettings = {
				ALWAYS_SEARCH_USER_PATHS = NO;
				CLANG_CXX_LANGUAGE_STANDARD = "gnu++0x";
				CLANG_ENABLE_OBJC_ARC = YES;
				CLANG_WARN__DUPLICATE_METHOD_MATCH = YES;
				COPY_PHASE_STRIP = NO;
				ENABLE_TESTABILITY = YES;
				GCC_C_LANGUAGE_STANDARD = gnu99;
				GCC_DYNAMIC_NO_PIC = NO;
				GCC_ENABLE_OBJC_EXCEPTIONS = YES;
				GCC_OPTIMIZATION_LEVEL = 0;
				GCC_PREPROCESSOR_DEFINITIONS = (
					"DEBUG=1",
					"$(inherited)",
				);
				GCC_SYMBOLS_PRIVATE_EXTERN = NO;
				GCC_WARN_64_TO_32_BIT_CONVERSION = YES;
				GCC_WARN_ABOUT_RETURN_TYPE = YES;
				GCC_WARN_UNINITIALIZED_AUTOS = YES;
				GCC_WARN_UNUSED_VARIABLE = YES;
				MACOSX_DEPLOYMENT_TARGET = 10.7;
				ONLY_ACTIVE_ARCH = YES;
				SDKROOT = macosx;
			};
			name = Debug;
		};
		3E6835E11607C90400DDFB82 /* Release */ = {
			isa = XCBuildConfiguration;
			buildSettings = {
				ALWAYS_SEARCH_USER_PATHS = NO;
				CLANG_CXX_LANGUAGE_STANDARD = "gnu++0x";
				CLANG_ENABLE_OBJC_ARC = YES;
				CLANG_WARN__DUPLICATE_METHOD_MATCH = YES;
				COPY_PHASE_STRIP = YES;
				DEBUG_INFORMATION_FORMAT = "dwarf-with-dsym";
				GCC_C_LANGUAGE_STANDARD = gnu99;
				GCC_ENABLE_OBJC_EXCEPTIONS = YES;
				GCC_WARN_64_TO_32_BIT_CONVERSION = YES;
				GCC_WARN_ABOUT_RETURN_TYPE = YES;
				GCC_WARN_UNINITIALIZED_AUTOS = YES;
				GCC_WARN_UNUSED_VARIABLE = YES;
				MACOSX_DEPLOYMENT_TARGET = 10.7;
				SDKROOT = macosx;
			};
			name = Release;
		};
		3E6835E31607C90400DDFB82 /* Debug */ = {
			isa = XCBuildConfiguration;
			buildSettings = {
				ASSETCATALOG_COMPILER_APPICON_NAME = AppIcon;
				CLANG_ENABLE_MODULES = YES;
				CODE_SIGN_ENTITLEMENTS = "PDF Letterhead/PDF Letterhead.entitlements";
				CODE_SIGN_IDENTITY = "Mac Developer";
				"CODE_SIGN_IDENTITY[sdk=macosx*]" = "Mac Developer";
				COMBINE_HIDPI_IMAGES = YES;
				FRAMEWORK_SEARCH_PATHS = (
					"$(inherited)",
					"\"$(SRCROOT)\"",
				);
				GCC_PRECOMPILE_PREFIX_HEADER = YES;
				GCC_PREFIX_HEADER = "PDF Letterhead/PDF Letterhead-Prefix.pch";
				GCC_PREPROCESSOR_DEFINITIONS = (
					"DEBUG=1",
					"LITE=1",
				);
				INFOPLIST_FILE = "$(SRCROOT)/PDF Letterhead/PDF Letterhead Lite.plist";
				LD_RUNPATH_SEARCH_PATHS = "$(inherited) @executable_path/../Frameworks";
				MACOSX_DEPLOYMENT_TARGET = 10.7;
				PRODUCT_BUNDLE_IDENTIFIER = "com.lingewoud.$(PRODUCT_NAME:rfc1034identifier)";
				PRODUCT_NAME = "$(TARGET_NAME)";
				PROVISIONING_PROFILE = "";
				SWIFT_OBJC_BRIDGING_HEADER = "PDF Letterhead/PDF Letterhead-Bridging-Header.h";
				SWIFT_OPTIMIZATION_LEVEL = "-Onone";
				WRAPPER_EXTENSION = app;
			};
			name = Debug;
		};
		3E6835E41607C90400DDFB82 /* Release */ = {
			isa = XCBuildConfiguration;
			buildSettings = {
				ASSETCATALOG_COMPILER_APPICON_NAME = AppIcon;
				CLANG_ENABLE_MODULES = YES;
				CODE_SIGN_ENTITLEMENTS = "PDF Letterhead/PDF Letterhead.entitlements";
				CODE_SIGN_IDENTITY = "Mac Developer";
				"CODE_SIGN_IDENTITY[sdk=macosx*]" = "Mac Developer";
				COMBINE_HIDPI_IMAGES = YES;
				FRAMEWORK_SEARCH_PATHS = (
					"$(inherited)",
					"\"$(SRCROOT)\"",
				);
				GCC_PRECOMPILE_PREFIX_HEADER = YES;
				GCC_PREFIX_HEADER = "PDF Letterhead/PDF Letterhead-Prefix.pch";
				GCC_PREPROCESSOR_DEFINITIONS = "LITE=1";
				INFOPLIST_FILE = "$(SRCROOT)/PDF Letterhead/PDF Letterhead Lite.plist";
				LD_RUNPATH_SEARCH_PATHS = "$(inherited) @executable_path/../Frameworks";
				MACOSX_DEPLOYMENT_TARGET = 10.7;
				PRODUCT_BUNDLE_IDENTIFIER = "com.lingewoud.$(PRODUCT_NAME:rfc1034identifier)";
				PRODUCT_NAME = "$(TARGET_NAME)";
				PROVISIONING_PROFILE = "";
				SWIFT_OBJC_BRIDGING_HEADER = "PDF Letterhead/PDF Letterhead-Bridging-Header.h";
				WRAPPER_EXTENSION = app;
			};
			name = Release;
		};
		79726F031C16ED6E003B85D2 /* Debug */ = {
			isa = XCBuildConfiguration;
			buildSettings = {
				ASSETCATALOG_COMPILER_APPICON_NAME = AppIcon;
				CLANG_ENABLE_MODULES = YES;
				CODE_SIGN_ENTITLEMENTS = "PDF Letterhead/PDF Letterhead.entitlements";
				CODE_SIGN_IDENTITY = "Mac Developer";
				"CODE_SIGN_IDENTITY[sdk=macosx*]" = "Mac Developer";
				COMBINE_HIDPI_IMAGES = YES;
				FRAMEWORK_SEARCH_PATHS = (
					"$(inherited)",
					"\"$(SRCROOT)\"",
				);
				GCC_PRECOMPILE_PREFIX_HEADER = YES;
				GCC_PREFIX_HEADER = "PDF Letterhead/PDF Letterhead-Prefix.pch";
				GCC_PREPROCESSOR_DEFINITIONS = (
					"PRO=1",
					"DEBUG=1",
				);
				INFOPLIST_FILE = "$(SRCROOT)/PDF Letterhead Pro.plist";
				LD_RUNPATH_SEARCH_PATHS = "$(inherited) @executable_path/../Frameworks";
				MACOSX_DEPLOYMENT_TARGET = 10.7;
				PRODUCT_BUNDLE_IDENTIFIER = "com.lingewoud.$(PRODUCT_NAME:rfc1034identifier)";
				PRODUCT_NAME = "$(TARGET_NAME)";
				PROVISIONING_PROFILE = "";
				SWIFT_OBJC_BRIDGING_HEADER = "PDF Letterhead/PDF Letterhead-Bridging-Header.h";
				SWIFT_OPTIMIZATION_LEVEL = "-Onone";
				WRAPPER_EXTENSION = app;
			};
			name = Debug;
		};
		79726F041C16ED6E003B85D2 /* Release */ = {
			isa = XCBuildConfiguration;
			buildSettings = {
				ASSETCATALOG_COMPILER_APPICON_NAME = AppIcon;
				CLANG_ENABLE_MODULES = YES;
				CODE_SIGN_ENTITLEMENTS = "PDF Letterhead/PDF Letterhead.entitlements";
				CODE_SIGN_IDENTITY = "Mac Developer";
				"CODE_SIGN_IDENTITY[sdk=macosx*]" = "Mac Developer";
				COMBINE_HIDPI_IMAGES = YES;
				FRAMEWORK_SEARCH_PATHS = (
					"$(inherited)",
					"\"$(SRCROOT)\"",
				);
				GCC_PRECOMPILE_PREFIX_HEADER = YES;
				GCC_PREFIX_HEADER = "PDF Letterhead/PDF Letterhead-Prefix.pch";
				GCC_PREPROCESSOR_DEFINITIONS = "PRO=1";
				INFOPLIST_FILE = "$(SRCROOT)/PDF Letterhead Pro.plist";
				LD_RUNPATH_SEARCH_PATHS = "$(inherited) @executable_path/../Frameworks";
				MACOSX_DEPLOYMENT_TARGET = 10.7;
				PRODUCT_BUNDLE_IDENTIFIER = "com.lingewoud.$(PRODUCT_NAME:rfc1034identifier)";
				PRODUCT_NAME = "$(TARGET_NAME)";
				PROVISIONING_PROFILE = "";
				SWIFT_OBJC_BRIDGING_HEADER = "PDF Letterhead/PDF Letterhead-Bridging-Header.h";
				WRAPPER_EXTENSION = app;
			};
			name = Release;
		};
/* End XCBuildConfiguration section */

/* Begin XCConfigurationList section */
		3E6835BB1607C90300DDFB82 /* Build configuration list for PBXProject "PDF Letterhead" */ = {
			isa = XCConfigurationList;
			buildConfigurations = (
				3E6835E01607C90400DDFB82 /* Debug */,
				3E6835E11607C90400DDFB82 /* Release */,
			);
			defaultConfigurationIsVisible = 0;
			defaultConfigurationName = Release;
		};
		3E6835E21607C90400DDFB82 /* Build configuration list for PBXNativeTarget "PDF Letterhead Lite" */ = {
			isa = XCConfigurationList;
			buildConfigurations = (
				3E6835E31607C90400DDFB82 /* Debug */,
				3E6835E41607C90400DDFB82 /* Release */,
			);
			defaultConfigurationIsVisible = 0;
			defaultConfigurationName = Release;
		};
		79726F021C16ED6E003B85D2 /* Build configuration list for PBXNativeTarget "PDF Letterhead Pro" */ = {
			isa = XCConfigurationList;
			buildConfigurations = (
				79726F031C16ED6E003B85D2 /* Debug */,
				79726F041C16ED6E003B85D2 /* Release */,
			);
			defaultConfigurationIsVisible = 0;
			defaultConfigurationName = Release;
		};
/* End XCConfigurationList section */

/* Begin XCVersionGroup section */
		3E6835DD1607C90400DDFB82 /* PDF_Letterhead.xcdatamodeld */ = {
			isa = XCVersionGroup;
			children = (
				79368AE71C3EADBC0009DA2C /* PDF_Letterhead 4.xcdatamodel */,
				7910E6C41C21922300398823 /* PDF_Letterhead 3.xcdatamodel */,
				7910E6A71C206AC900398823 /* PDF_Letterhead 2.xcdatamodel */,
				3E6835DE1607C90400DDFB82 /* PDF_Letterhead.xcdatamodel */,
			);
			currentVersion = 79368AE71C3EADBC0009DA2C /* PDF_Letterhead 4.xcdatamodel */;
			path = PDF_Letterhead.xcdatamodeld;
			sourceTree = "<group>";
			versionGroupType = wrapper.xcdatamodel;
		};
/* End XCVersionGroup section */
	};
	rootObject = 3E6835B81607C90300DDFB82 /* Project object */;
}
