// !$*UTF8*$!
{
	archiveVersion = 1;
	classes = {
	};
	objectVersion = 46;
	objects = {

/* Begin PBXBuildFile section */
		3E6835C61607C90400DDFB82 /* Cocoa.framework in Frameworks */ = {isa = PBXBuildFile; fileRef = 3E6835C51607C90400DDFB82 /* Cocoa.framework */; };
		3E6835D01607C90400DDFB82 /* InfoPlist.strings in Resources */ = {isa = PBXBuildFile; fileRef = 3E6835CE1607C90400DDFB82 /* InfoPlist.strings */; };
		3E6835D21607C90400DDFB82 /* main.m in Sources */ = {isa = PBXBuildFile; fileRef = 3E6835D11607C90400DDFB82 /* main.m */; };
		3E6835D61607C90400DDFB82 /* Credits.rtf in Resources */ = {isa = PBXBuildFile; fileRef = 3E6835D41607C90400DDFB82 /* Credits.rtf */; };
		3E6835D91607C90400DDFB82 /* PLAppDelegate.m in Sources */ = {isa = PBXBuildFile; fileRef = 3E6835D81607C90400DDFB82 /* PLAppDelegate.m */; };
		3E6835DC1607C90400DDFB82 /* MainMenu.xib in Resources */ = {isa = PBXBuildFile; fileRef = 3E6835DA1607C90400DDFB82 /* MainMenu.xib */; };
		3E6835DF1607C90400DDFB82 /* PDF_Letterhead.xcdatamodeld in Sources */ = {isa = PBXBuildFile; fileRef = 3E6835DD1607C90400DDFB82 /* PDF_Letterhead.xcdatamodeld */; };
		3E6835ED1607CA8A00DDFB82 /* Quartz.framework in Frameworks */ = {isa = PBXBuildFile; fileRef = 3E6835EC1607CA8A00DDFB82 /* Quartz.framework */; };
		3E6835F01607CB6C00DDFB82 /* path4327.png in Resources */ = {isa = PBXBuildFile; fileRef = 3E6835EE1607CB6C00DDFB82 /* path4327.png */; };
		3E6835F11607CB6C00DDFB82 /* path4351.png in Resources */ = {isa = PBXBuildFile; fileRef = 3E6835EF1607CB6C00DDFB82 /* path4351.png */; };
		3E6835F41607CC7900DDFB82 /* pmpDropZone.m in Sources */ = {isa = PBXBuildFile; fileRef = 3E6835F31607CC7900DDFB82 /* pmpDropZone.m */; };
		3E6835F71607D22100DDFB82 /* PLPDFPage.m in Sources */ = {isa = PBXBuildFile; fileRef = 3E6835F61607D22100DDFB82 /* PLPDFPage.m */; };
		3E6836031607EE8C00DDFB82 /* pdfletterhead.icns in Resources */ = {isa = PBXBuildFile; fileRef = 3E6836021607EE8C00DDFB82 /* pdfletterhead.icns */; };
		3EF7E6BB16089C21008EA1B1 /* white.pdf in Resources */ = {isa = PBXBuildFile; fileRef = 3EF7E6BA16089C21008EA1B1 /* white.pdf */; };
		3EF7E6BE16089EFA008EA1B1 /* FAQ.rtf in Resources */ = {isa = PBXBuildFile; fileRef = 3EF7E6BD16089EFA008EA1B1 /* FAQ.rtf */; };
		3EF7E6CD1608ABE8008EA1B1 /* PLFAQWindowController.m in Sources */ = {isa = PBXBuildFile; fileRef = 3EF7E6CC1608ABE8008EA1B1 /* PLFAQWindowController.m */; };
/* End PBXBuildFile section */

/* Begin PBXFileReference section */
		3E6835C11607C90400DDFB82 /* PDF Letterhead.app */ = {isa = PBXFileReference; explicitFileType = wrapper.application; includeInIndex = 0; path = "PDF Letterhead.app"; sourceTree = BUILT_PRODUCTS_DIR; };
		3E6835C51607C90400DDFB82 /* Cocoa.framework */ = {isa = PBXFileReference; lastKnownFileType = wrapper.framework; name = Cocoa.framework; path = System/Library/Frameworks/Cocoa.framework; sourceTree = SDKROOT; };
		3E6835C81607C90400DDFB82 /* AppKit.framework */ = {isa = PBXFileReference; lastKnownFileType = wrapper.framework; name = AppKit.framework; path = System/Library/Frameworks/AppKit.framework; sourceTree = SDKROOT; };
		3E6835C91607C90400DDFB82 /* CoreData.framework */ = {isa = PBXFileReference; lastKnownFileType = wrapper.framework; name = CoreData.framework; path = System/Library/Frameworks/CoreData.framework; sourceTree = SDKROOT; };
		3E6835CA1607C90400DDFB82 /* Foundation.framework */ = {isa = PBXFileReference; lastKnownFileType = wrapper.framework; name = Foundation.framework; path = System/Library/Frameworks/Foundation.framework; sourceTree = SDKROOT; };
		3E6835CD1607C90400DDFB82 /* PDF Letterhead-Info.plist */ = {isa = PBXFileReference; lastKnownFileType = text.plist.xml; path = "PDF Letterhead-Info.plist"; sourceTree = "<group>"; };
		3E6835CF1607C90400DDFB82 /* en */ = {isa = PBXFileReference; lastKnownFileType = text.plist.strings; name = en; path = en.lproj/InfoPlist.strings; sourceTree = "<group>"; };
		3E6835D11607C90400DDFB82 /* main.m */ = {isa = PBXFileReference; lastKnownFileType = sourcecode.c.objc; path = main.m; sourceTree = "<group>"; };
		3E6835D31607C90400DDFB82 /* PDF Letterhead-Prefix.pch */ = {isa = PBXFileReference; lastKnownFileType = sourcecode.c.h; path = "PDF Letterhead-Prefix.pch"; sourceTree = "<group>"; };
		3E6835D51607C90400DDFB82 /* en */ = {isa = PBXFileReference; lastKnownFileType = text.rtf; name = en; path = en.lproj/Credits.rtf; sourceTree = "<group>"; };
		3E6835D71607C90400DDFB82 /* PLAppDelegate.h */ = {isa = PBXFileReference; lastKnownFileType = sourcecode.c.h; path = PLAppDelegate.h; sourceTree = "<group>"; };
		3E6835D81607C90400DDFB82 /* PLAppDelegate.m */ = {isa = PBXFileReference; lastKnownFileType = sourcecode.c.objc; path = PLAppDelegate.m; sourceTree = "<group>"; };
		3E6835DB1607C90400DDFB82 /* en */ = {isa = PBXFileReference; lastKnownFileType = file.xib; name = en; path = en.lproj/MainMenu.xib; sourceTree = "<group>"; };
		3E6835DE1607C90400DDFB82 /* PDF_Letterhead.xcdatamodel */ = {isa = PBXFileReference; lastKnownFileType = wrapper.xcdatamodel; path = PDF_Letterhead.xcdatamodel; sourceTree = "<group>"; };
		3E6835EC1607CA8A00DDFB82 /* Quartz.framework */ = {isa = PBXFileReference; lastKnownFileType = wrapper.framework; name = Quartz.framework; path = System/Library/Frameworks/Quartz.framework; sourceTree = SDKROOT; };
		3E6835EE1607CB6C00DDFB82 /* path4327.png */ = {isa = PBXFileReference; lastKnownFileType = image.png; path = path4327.png; sourceTree = "<group>"; };
		3E6835EF1607CB6C00DDFB82 /* path4351.png */ = {isa = PBXFileReference; lastKnownFileType = image.png; path = path4351.png; sourceTree = "<group>"; };
		3E6835F21607CC7900DDFB82 /* pmpDropZone.h */ = {isa = PBXFileReference; fileEncoding = 4; lastKnownFileType = sourcecode.c.h; path = pmpDropZone.h; sourceTree = "<group>"; };
		3E6835F31607CC7900DDFB82 /* pmpDropZone.m */ = {isa = PBXFileReference; fileEncoding = 4; lastKnownFileType = sourcecode.c.objc; path = pmpDropZone.m; sourceTree = "<group>"; };
		3E6835F51607D22100DDFB82 /* PLPDFPage.h */ = {isa = PBXFileReference; fileEncoding = 4; lastKnownFileType = sourcecode.c.h; path = PLPDFPage.h; sourceTree = "<group>"; };
		3E6835F61607D22100DDFB82 /* PLPDFPage.m */ = {isa = PBXFileReference; fileEncoding = 4; lastKnownFileType = sourcecode.c.objc; path = PLPDFPage.m; sourceTree = "<group>"; };
		3E6836021607EE8C00DDFB82 /* pdfletterhead.icns */ = {isa = PBXFileReference; lastKnownFileType = image.icns; name = pdfletterhead.icns; path = ../pdfletterhead.icns; sourceTree = "<group>"; };
		3EF7E6BA16089C21008EA1B1 /* white.pdf */ = {isa = PBXFileReference; lastKnownFileType = image.pdf; path = white.pdf; sourceTree = "<group>"; };
		3EF7E6BD16089EFA008EA1B1 /* FAQ.rtf */ = {isa = PBXFileReference; fileEncoding = 4; lastKnownFileType = text.rtf; path = FAQ.rtf; sourceTree = "<group>"; };
		3EF7E6CB1608ABE7008EA1B1 /* PLFAQWindowController.h */ = {isa = PBXFileReference; fileEncoding = 4; lastKnownFileType = sourcecode.c.h; path = PLFAQWindowController.h; sourceTree = "<group>"; };
		3EF7E6CC1608ABE8008EA1B1 /* PLFAQWindowController.m */ = {isa = PBXFileReference; fileEncoding = 4; lastKnownFileType = sourcecode.c.objc; path = PLFAQWindowController.m; sourceTree = "<group>"; };
/* End PBXFileReference section */

/* Begin PBXFrameworksBuildPhase section */
		3E6835BE1607C90400DDFB82 /* Frameworks */ = {
			isa = PBXFrameworksBuildPhase;
			buildActionMask = 2147483647;
			files = (
				3E6835ED1607CA8A00DDFB82 /* Quartz.framework in Frameworks */,
				3E6835C61607C90400DDFB82 /* Cocoa.framework in Frameworks */,
			);
			runOnlyForDeploymentPostprocessing = 0;
		};
/* End PBXFrameworksBuildPhase section */

/* Begin PBXGroup section */
		3E6835B61607C90300DDFB82 = {
			isa = PBXGroup;
			children = (
				3E6835CB1607C90400DDFB82 /* PDF Letterhead */,
				3E6835C41607C90400DDFB82 /* Frameworks */,
				3E6835C21607C90400DDFB82 /* Products */,
			);
			sourceTree = "<group>";
		};
		3E6835C21607C90400DDFB82 /* Products */ = {
			isa = PBXGroup;
			children = (
				3E6835C11607C90400DDFB82 /* PDF Letterhead.app */,
			);
			name = Products;
			sourceTree = "<group>";
		};
		3E6835C41607C90400DDFB82 /* Frameworks */ = {
			isa = PBXGroup;
			children = (
				3E6835EC1607CA8A00DDFB82 /* Quartz.framework */,
				3E6835C51607C90400DDFB82 /* Cocoa.framework */,
				3E6835C71607C90400DDFB82 /* Other Frameworks */,
			);
			name = Frameworks;
			sourceTree = "<group>";
		};
		3E6835C71607C90400DDFB82 /* Other Frameworks */ = {
			isa = PBXGroup;
			children = (
				3E6835C81607C90400DDFB82 /* AppKit.framework */,
				3E6835C91607C90400DDFB82 /* CoreData.framework */,
				3E6835CA1607C90400DDFB82 /* Foundation.framework */,
			);
			name = "Other Frameworks";
			sourceTree = "<group>";
		};
		3E6835CB1607C90400DDFB82 /* PDF Letterhead */ = {
			isa = PBXGroup;
			children = (
				3E6835F21607CC7900DDFB82 /* pmpDropZone.h */,
				3EF7E6CB1608ABE7008EA1B1 /* PLFAQWindowController.h */,
				3EF7E6CC1608ABE8008EA1B1 /* PLFAQWindowController.m */,
				3E6835F31607CC7900DDFB82 /* pmpDropZone.m */,
				3E6835F51607D22100DDFB82 /* PLPDFPage.h */,
				3E6835F61607D22100DDFB82 /* PLPDFPage.m */,
				3E6835D71607C90400DDFB82 /* PLAppDelegate.h */,
				3E6835D81607C90400DDFB82 /* PLAppDelegate.m */,
				3E6835DA1607C90400DDFB82 /* MainMenu.xib */,
				3E6835DD1607C90400DDFB82 /* PDF_Letterhead.xcdatamodeld */,
				3E6835CC1607C90400DDFB82 /* Supporting Files */,
			);
			path = "PDF Letterhead";
			sourceTree = "<group>";
		};
		3E6835CC1607C90400DDFB82 /* Supporting Files */ = {
			isa = PBXGroup;
			children = (
				3EF7E6BA16089C21008EA1B1 /* white.pdf */,
				3E6836021607EE8C00DDFB82 /* pdfletterhead.icns */,
				3E6835EE1607CB6C00DDFB82 /* path4327.png */,
				3E6835EF1607CB6C00DDFB82 /* path4351.png */,
				3E6835CD1607C90400DDFB82 /* PDF Letterhead-Info.plist */,
				3E6835CE1607C90400DDFB82 /* InfoPlist.strings */,
				3E6835D11607C90400DDFB82 /* main.m */,
				3E6835D31607C90400DDFB82 /* PDF Letterhead-Prefix.pch */,
				3E6835D41607C90400DDFB82 /* Credits.rtf */,
				3EF7E6BD16089EFA008EA1B1 /* FAQ.rtf */,
			);
			name = "Supporting Files";
			sourceTree = "<group>";
		};
/* End PBXGroup section */

/* Begin PBXNativeTarget section */
		3E6835C01607C90400DDFB82 /* PDF Letterhead */ = {
			isa = PBXNativeTarget;
			buildConfigurationList = 3E6835E21607C90400DDFB82 /* Build configuration list for PBXNativeTarget "PDF Letterhead" */;
			buildPhases = (
				3EF7E6C41608A136008EA1B1 /* ShellScript */,
				3E6835BD1607C90400DDFB82 /* Sources */,
				3E6835BE1607C90400DDFB82 /* Frameworks */,
				3E6835BF1607C90400DDFB82 /* Resources */,
			);
			buildRules = (
			);
			dependencies = (
			);
			name = "PDF Letterhead";
			productName = "PDF Letterhead";
			productReference = 3E6835C11607C90400DDFB82 /* PDF Letterhead.app */;
			productType = "com.apple.product-type.application";
		};
/* End PBXNativeTarget section */

/* Begin PBXProject section */
		3E6835B81607C90300DDFB82 /* Project object */ = {
			isa = PBXProject;
			attributes = {
				CLASSPREFIX = PL;
				LastUpgradeCheck = 0440;
				ORGANIZATIONNAME = "Pim Snel";
			};
			buildConfigurationList = 3E6835BB1607C90300DDFB82 /* Build configuration list for PBXProject "PDF Letterhead" */;
			compatibilityVersion = "Xcode 3.2";
			developmentRegion = English;
			hasScannedForEncodings = 0;
			knownRegions = (
				en,
			);
			mainGroup = 3E6835B61607C90300DDFB82;
			productRefGroup = 3E6835C21607C90400DDFB82 /* Products */;
			projectDirPath = "";
			projectRoot = "";
			targets = (
				3E6835C01607C90400DDFB82 /* PDF Letterhead */,
			);
		};
/* End PBXProject section */

/* Begin PBXResourcesBuildPhase section */
		3E6835BF1607C90400DDFB82 /* Resources */ = {
			isa = PBXResourcesBuildPhase;
			buildActionMask = 2147483647;
			files = (
				3E6835D01607C90400DDFB82 /* InfoPlist.strings in Resources */,
				3E6835D61607C90400DDFB82 /* Credits.rtf in Resources */,
				3E6835DC1607C90400DDFB82 /* MainMenu.xib in Resources */,
				3E6835F01607CB6C00DDFB82 /* path4327.png in Resources */,
				3E6835F11607CB6C00DDFB82 /* path4351.png in Resources */,
				3E6836031607EE8C00DDFB82 /* pdfletterhead.icns in Resources */,
				3EF7E6BB16089C21008EA1B1 /* white.pdf in Resources */,
				3EF7E6BE16089EFA008EA1B1 /* FAQ.rtf in Resources */,
			);
			runOnlyForDeploymentPostprocessing = 0;
		};
/* End PBXResourcesBuildPhase section */

/* Begin PBXShellScriptBuildPhase section */
		3EF7E6C41608A136008EA1B1 /* ShellScript */ = {
			isa = PBXShellScriptBuildPhase;
			buildActionMask = 2147483647;
			files = (
			);
			inputPaths = (
			);
			outputPaths = (
			);
			runOnlyForDeploymentPostprocessing = 0;
			shellPath = /bin/sh;
			shellScript = "#!/bin/bash\nbN=$(/usr/libexec/PlistBuddy -c \"Print CFBundleVersion\" \"$INFOPLIST_FILE\")\n#bN=$((0x$bN))\nbN=$(($bN + 1))\nbN=$(printf \"%u\" $bN)\n/usr/libexec/PlistBuddy -c \"Set :CFBundleVersion $bN\" \"$INFOPLIST_FILE\"";
		};
/* End PBXShellScriptBuildPhase section */

/* Begin PBXSourcesBuildPhase section */
		3E6835BD1607C90400DDFB82 /* Sources */ = {
			isa = PBXSourcesBuildPhase;
			buildActionMask = 2147483647;
			files = (
				3E6835D21607C90400DDFB82 /* main.m in Sources */,
				3E6835D91607C90400DDFB82 /* PLAppDelegate.m in Sources */,
				3E6835DF1607C90400DDFB82 /* PDF_Letterhead.xcdatamodeld in Sources */,
				3E6835F41607CC7900DDFB82 /* pmpDropZone.m in Sources */,
				3E6835F71607D22100DDFB82 /* PLPDFPage.m in Sources */,
				3EF7E6CD1608ABE8008EA1B1 /* PLFAQWindowController.m in Sources */,
			);
			runOnlyForDeploymentPostprocessing = 0;
		};
/* End PBXSourcesBuildPhase section */

/* Begin PBXVariantGroup section */
		3E6835CE1607C90400DDFB82 /* InfoPlist.strings */ = {
			isa = PBXVariantGroup;
			children = (
				3E6835CF1607C90400DDFB82 /* en */,
			);
			name = InfoPlist.strings;
			sourceTree = "<group>";
		};
		3E6835D41607C90400DDFB82 /* Credits.rtf */ = {
			isa = PBXVariantGroup;
			children = (
				3E6835D51607C90400DDFB82 /* en */,
			);
			name = Credits.rtf;
			sourceTree = "<group>";
		};
		3E6835DA1607C90400DDFB82 /* MainMenu.xib */ = {
			isa = PBXVariantGroup;
			children = (
				3E6835DB1607C90400DDFB82 /* en */,
			);
			name = MainMenu.xib;
			sourceTree = "<group>";
		};
/* End PBXVariantGroup section */

/* Begin XCBuildConfiguration section */
		3E6835E01607C90400DDFB82 /* Debug */ = {
			isa = XCBuildConfiguration;
			buildSettings = {
				ALWAYS_SEARCH_USER_PATHS = NO;
				ARCHS = "$(ARCHS_STANDARD_64_BIT)";
				CLANG_CXX_LANGUAGE_STANDARD = "gnu++0x";
				CLANG_ENABLE_OBJC_ARC = YES;
				CLANG_WARN__DUPLICATE_METHOD_MATCH = YES;
				COPY_PHASE_STRIP = NO;
				GCC_C_LANGUAGE_STANDARD = gnu99;
				GCC_DYNAMIC_NO_PIC = NO;
				GCC_ENABLE_OBJC_EXCEPTIONS = YES;
				GCC_OPTIMIZATION_LEVEL = 0;
				GCC_PREPROCESSOR_DEFINITIONS = (
					"DEBUG=1",
					"$(inherited)",
				);
				GCC_SYMBOLS_PRIVATE_EXTERN = NO;
				GCC_WARN_64_TO_32_BIT_CONVERSION = YES;
				GCC_WARN_ABOUT_RETURN_TYPE = YES;
				GCC_WARN_UNINITIALIZED_AUTOS = YES;
				GCC_WARN_UNUSED_VARIABLE = YES;
				MACOSX_DEPLOYMENT_TARGET = 10.6;
				ONLY_ACTIVE_ARCH = YES;
				SDKROOT = macosx;
			};
			name = Debug;
		};
		3E6835E11607C90400DDFB82 /* Release */ = {
			isa = XCBuildConfiguration;
			buildSettings = {
				ALWAYS_SEARCH_USER_PATHS = NO;
				ARCHS = "$(ARCHS_STANDARD_64_BIT)";
				CLANG_CXX_LANGUAGE_STANDARD = "gnu++0x";
				CLANG_ENABLE_OBJC_ARC = YES;
				CLANG_WARN__DUPLICATE_METHOD_MATCH = YES;
				COPY_PHASE_STRIP = YES;
				DEBUG_INFORMATION_FORMAT = "dwarf-with-dsym";
				GCC_C_LANGUAGE_STANDARD = gnu99;
				GCC_ENABLE_OBJC_EXCEPTIONS = YES;
				GCC_WARN_64_TO_32_BIT_CONVERSION = YES;
				GCC_WARN_ABOUT_RETURN_TYPE = YES;
				GCC_WARN_UNINITIALIZED_AUTOS = YES;
				GCC_WARN_UNUSED_VARIABLE = YES;
				MACOSX_DEPLOYMENT_TARGET = 10.6;
				SDKROOT = macosx;
			};
			name = Release;
		};
		3E6835E31607C90400DDFB82 /* Debug */ = {
			isa = XCBuildConfiguration;
			buildSettings = {
				COMBINE_HIDPI_IMAGES = YES;
				FRAMEWORK_SEARCH_PATHS = (
					"$(inherited)",
					"\"$(SRCROOT)\"",
				);
				GCC_PRECOMPILE_PREFIX_HEADER = YES;
				GCC_PREFIX_HEADER = "PDF Letterhead/PDF Letterhead-Prefix.pch";
				INFOPLIST_FILE = "PDF Letterhead/PDF Letterhead-Info.plist";
				MACOSX_DEPLOYMENT_TARGET = 10.6;
				PRODUCT_NAME = "$(TARGET_NAME)";
				WRAPPER_EXTENSION = app;
			};
			name = Debug;
		};
		3E6835E41607C90400DDFB82 /* Release */ = {
			isa = XCBuildConfiguration;
			buildSettings = {
				COMBINE_HIDPI_IMAGES = YES;
				FRAMEWORK_SEARCH_PATHS = (
					"$(inherited)",
					"\"$(SRCROOT)\"",
				);
				GCC_PRECOMPILE_PREFIX_HEADER = YES;
				GCC_PREFIX_HEADER = "PDF Letterhead/PDF Letterhead-Prefix.pch";
				INFOPLIST_FILE = "PDF Letterhead/PDF Letterhead-Info.plist";
				MACOSX_DEPLOYMENT_TARGET = 10.6;
				PRODUCT_NAME = "$(TARGET_NAME)";
				WRAPPER_EXTENSION = app;
			};
			name = Release;
		};
/* End XCBuildConfiguration section */

/* Begin XCConfigurationList section */
		3E6835BB1607C90300DDFB82 /* Build configuration list for PBXProject "PDF Letterhead" */ = {
			isa = XCConfigurationList;
			buildConfigurations = (
				3E6835E01607C90400DDFB82 /* Debug */,
				3E6835E11607C90400DDFB82 /* Release */,
			);
			defaultConfigurationIsVisible = 0;
			defaultConfigurationName = Release;
		};
		3E6835E21607C90400DDFB82 /* Build configuration list for PBXNativeTarget "PDF Letterhead" */ = {
			isa = XCConfigurationList;
			buildConfigurations = (
				3E6835E31607C90400DDFB82 /* Debug */,
				3E6835E41607C90400DDFB82 /* Release */,
			);
			defaultConfigurationIsVisible = 0;
			defaultConfigurationName = Release;
		};
/* End XCConfigurationList section */

/* Begin XCVersionGroup section */
		3E6835DD1607C90400DDFB82 /* PDF_Letterhead.xcdatamodeld */ = {
			isa = XCVersionGroup;
			children = (
				3E6835DE1607C90400DDFB82 /* PDF_Letterhead.xcdatamodel */,
			);
			currentVersion = 3E6835DE1607C90400DDFB82 /* PDF_Letterhead.xcdatamodel */;
			path = PDF_Letterhead.xcdatamodeld;
			sourceTree = "<group>";
			versionGroupType = wrapper.xcdatamodel;
		};
/* End XCVersionGroup section */
	};
	rootObject = 3E6835B81607C90300DDFB82 /* Project object */;
}
