// !$*UTF8*$!
{
	archiveVersion = 1;
	classes = {
	};
	objectVersion = 46;
	objects = {

/* Begin PBXBuildFile section */
		3E0C8E9316768EEC00DE6E94 /* OnOffSwitchControlCell.m in Sources */ = {isa = PBXBuildFile; fileRef = 3E0C8E9016768EEB00DE6E94 /* OnOffSwitchControlCell.m */; };
		3E0C8E9416768EEC00DE6E94 /* OnOffSwitchControl.m in Sources */ = {isa = PBXBuildFile; fileRef = 3E0C8E9216768EEC00DE6E94 /* OnOffSwitchControl.m */; };
		3E27703A1677DC2D002DD3DE /* PLBottomToolbarView.m in Sources */ = {isa = PBXBuildFile; fileRef = 3E2770391677DC2D002DD3DE /* PLBottomToolbarView.m */; };
		3E27703C1677DCA5002DD3DE /* bottomtoolbar.png in Resources */ = {isa = PBXBuildFile; fileRef = 3E27703B1677DCA5002DD3DE /* bottomtoolbar.png */; };
		3E2770421677E336002DD3DE /* PLBackgroundDropZoneContainer.m in Sources */ = {isa = PBXBuildFile; fileRef = 3E2770411677E336002DD3DE /* PLBackgroundDropZoneContainer.m */; };
		3E2770451677E464002DD3DE /* bgdrop.png in Resources */ = {isa = PBXBuildFile; fileRef = 3E2770431677E463002DD3DE /* bgdrop.png */; };
		3E2770461677E464002DD3DE /* coverdrop.png in Resources */ = {isa = PBXBuildFile; fileRef = 3E2770441677E463002DD3DE /* coverdrop.png */; };
		3E2770481677E5D5002DD3DE /* dropzonebg.png in Resources */ = {isa = PBXBuildFile; fileRef = 3E2770471677E5D5002DD3DE /* dropzonebg.png */; };
		3E2AFF0616A5F8B3006D2CB0 /* PLQuickStart1.m in Sources */ = {isa = PBXBuildFile; fileRef = 3E2AFF0416A5F8B3006D2CB0 /* PLQuickStart1.m */; };
		3E2AFF0716A5F8B3006D2CB0 /* PLQuickStart1.xib in Resources */ = {isa = PBXBuildFile; fileRef = 3E2AFF0516A5F8B3006D2CB0 /* PLQuickStart1.xib */; };
		3E2AFF0916A5FC95006D2CB0 /* PDF-letterhead-QuickStart-1.png in Resources */ = {isa = PBXBuildFile; fileRef = 3E2AFF0816A5FC95006D2CB0 /* PDF-letterhead-QuickStart-1.png */; };
		3E2AFF0B16A5FD03006D2CB0 /* quickstarttitle.png in Resources */ = {isa = PBXBuildFile; fileRef = 3E2AFF0A16A5FD03006D2CB0 /* quickstarttitle.png */; };
		3E2AFF0F16A5FE91006D2CB0 /* Schermafbeelding 2013-01-15 om 22.15.47.png in Resources */ = {isa = PBXBuildFile; fileRef = 3E2AFF0E16A5FE91006D2CB0 /* Schermafbeelding 2013-01-15 om 22.15.47.png */; };
		3E3C6E051628C2EF000DEB08 /* PLMainWindowView.m in Sources */ = {isa = PBXBuildFile; fileRef = 3E3C6E041628C2EF000DEB08 /* PLMainWindowView.m */; };
		3E51688418591F4B007E2F3C /* WebKit.framework in Frameworks */ = {isa = PBXBuildFile; fileRef = 3E51688318591F4B007E2F3C /* WebKit.framework */; };
		3E674463167943BA00D99390 /* AMBackground.m in Sources */ = {isa = PBXBuildFile; fileRef = 3E674460167943BA00D99390 /* AMBackground.m */; };
		3E674464167943BA00D99390 /* AMDarkButtonCell.m in Sources */ = {isa = PBXBuildFile; fileRef = 3E674462167943BA00D99390 /* AMDarkButtonCell.m */; };
		3E6744691679448400D99390 /* mail.png in Resources */ = {isa = PBXBuildFile; fileRef = 3E6744671679448400D99390 /* mail.png */; };
		3E67446A1679448400D99390 /* printer.png in Resources */ = {isa = PBXBuildFile; fileRef = 3E6744681679448400D99390 /* printer.png */; };
		3E67446E16794BE400D99390 /* saveicon.png in Resources */ = {isa = PBXBuildFile; fileRef = 3E67446D16794BE400D99390 /* saveicon.png */; };
		3E6835C61607C90400DDFB82 /* Cocoa.framework in Frameworks */ = {isa = PBXBuildFile; fileRef = 3E6835C51607C90400DDFB82 /* Cocoa.framework */; };
		3E6835D01607C90400DDFB82 /* InfoPlist.strings in Resources */ = {isa = PBXBuildFile; fileRef = 3E6835CE1607C90400DDFB82 /* InfoPlist.strings */; };
		3E6835D21607C90400DDFB82 /* main.m in Sources */ = {isa = PBXBuildFile; fileRef = 3E6835D11607C90400DDFB82 /* main.m */; };
		3E6835D61607C90400DDFB82 /* Credits.rtf in Resources */ = {isa = PBXBuildFile; fileRef = 3E6835D41607C90400DDFB82 /* Credits.rtf */; };
		3E6835D91607C90400DDFB82 /* PLAppDelegate.m in Sources */ = {isa = PBXBuildFile; fileRef = 3E6835D81607C90400DDFB82 /* PLAppDelegate.m */; };
		3E6835DF1607C90400DDFB82 /* PDF_Letterhead.xcdatamodeld in Sources */ = {isa = PBXBuildFile; fileRef = 3E6835DD1607C90400DDFB82 /* PDF_Letterhead.xcdatamodeld */; };
		3E6835ED1607CA8A00DDFB82 /* Quartz.framework in Frameworks */ = {isa = PBXBuildFile; fileRef = 3E6835EC1607CA8A00DDFB82 /* Quartz.framework */; };
		3E6835F01607CB6C00DDFB82 /* dragContentDocument.png in Resources */ = {isa = PBXBuildFile; fileRef = 3E6835EE1607CB6C00DDFB82 /* dragContentDocument.png */; };
		3E6835F11607CB6C00DDFB82 /* dragLetterheadDocument.png in Resources */ = {isa = PBXBuildFile; fileRef = 3E6835EF1607CB6C00DDFB82 /* dragLetterheadDocument.png */; };
		3E6835F41607CC7900DDFB82 /* PLDropZone.m in Sources */ = {isa = PBXBuildFile; fileRef = 3E6835F31607CC7900DDFB82 /* PLDropZone.m */; };
		3E6835F71607D22100DDFB82 /* PLPDFPage.m in Sources */ = {isa = PBXBuildFile; fileRef = 3E6835F61607D22100DDFB82 /* PLPDFPage.m */; };
		3E6836031607EE8C00DDFB82 /* pdfletterheadIOS.icns in Resources */ = {isa = PBXBuildFile; fileRef = 3E6836021607EE8C00DDFB82 /* pdfletterheadIOS.icns */; };
		3E798B711677F03C006F47F5 /* contentbg.png in Resources */ = {isa = PBXBuildFile; fileRef = 3E798B701677F03B006F47F5 /* contentbg.png */; };
		3E798B731677F053006F47F5 /* contentdrop.png in Resources */ = {isa = PBXBuildFile; fileRef = 3E798B721677F053006F47F5 /* contentdrop.png */; };
		3E798B761677F336006F47F5 /* PLPDFBgView.m in Sources */ = {isa = PBXBuildFile; fileRef = 3E798B751677F336006F47F5 /* PLPDFBgView.m */; };
		3E7BC9D4162459EE0092BF5E /* pdfletterheadMac.icns in Resources */ = {isa = PBXBuildFile; fileRef = 3E7BC9D3162459EE0092BF5E /* pdfletterheadMac.icns */; };
		3E9850B71BF4E29900D7ABAB /* PLFAQWindowController.m in Sources */ = {isa = PBXBuildFile; fileRef = 3E9850B61BF4E29900D7ABAB /* PLFAQWindowController.m */; };
		3E9F2DA4167929E400486537 /* pdfviewbg.png in Resources */ = {isa = PBXBuildFile; fileRef = 3E9F2DA3167929E400486537 /* pdfviewbg.png */; };
		3E9F2DAB1679378E00486537 /* PLPDFBgAreaView.m in Sources */ = {isa = PBXBuildFile; fileRef = 3E9F2DAA1679378E00486537 /* PLPDFBgAreaView.m */; };
		3EAF7FED1AB23D9300C4EFB1 /* Images.xcassets in Resources */ = {isa = PBXBuildFile; fileRef = 3EAF7FEC1AB23D9300C4EFB1 /* Images.xcassets */; };
		3EF7E6BB16089C21008EA1B1 /* white.pdf in Resources */ = {isa = PBXBuildFile; fileRef = 3EF7E6BA16089C21008EA1B1 /* white.pdf */; };
		3EF7E6BE16089EFA008EA1B1 /* FAQ.rtf in Resources */ = {isa = PBXBuildFile; fileRef = 3EF7E6BD16089EFA008EA1B1 /* FAQ.rtf */; };
		3EFB08F81615032E006063F9 /* PLPreviewWindow.m in Sources */ = {isa = PBXBuildFile; fileRef = 3EFB08F71615032E006063F9 /* PLPreviewWindow.m */; };
		79377F9C1C1F03E500901220 /* Profile+CoreDataProperties.m in Sources */ = {isa = PBXBuildFile; fileRef = 79377F991C1F03E500901220 /* Profile+CoreDataProperties.m */; };
		79377F9D1C1F03E500901220 /* Profile+CoreDataProperties.m in Sources */ = {isa = PBXBuildFile; fileRef = 79377F991C1F03E500901220 /* Profile+CoreDataProperties.m */; };
		79377F9E1C1F03E500901220 /* Profile.m in Sources */ = {isa = PBXBuildFile; fileRef = 79377F9B1C1F03E500901220 /* Profile.m */; };
		79377F9F1C1F03E500901220 /* Profile.m in Sources */ = {isa = PBXBuildFile; fileRef = 79377F9B1C1F03E500901220 /* Profile.m */; };
		79377FA21C1F0D5600901220 /* PLImageTransformer.m in Sources */ = {isa = PBXBuildFile; fileRef = 79377FA11C1F0D5600901220 /* PLImageTransformer.m */; };
		79377FA31C1F0D5600901220 /* PLImageTransformer.m in Sources */ = {isa = PBXBuildFile; fileRef = 79377FA11C1F0D5600901220 /* PLImageTransformer.m */; };
		79470B931C19766B009C37AA /* MainMenu.xib in Resources */ = {isa = PBXBuildFile; fileRef = 3E6835DA1607C90400DDFB82 /* MainMenu.xib */; };
		79470B9F1C19928F009C37AA /* Metallic_shield_bug444.jpg in Resources */ = {isa = PBXBuildFile; fileRef = 79470B9D1C19928F009C37AA /* Metallic_shield_bug444.jpg */; };
		79470BA01C19928F009C37AA /* Metallic_shield_bug444.jpg in Resources */ = {isa = PBXBuildFile; fileRef = 79470B9D1C19928F009C37AA /* Metallic_shield_bug444.jpg */; };
		79470BA11C19928F009C37AA /* download.jpeg in Resources */ = {isa = PBXBuildFile; fileRef = 79470B9E1C19928F009C37AA /* download.jpeg */; };
		79470BA21C19928F009C37AA /* download.jpeg in Resources */ = {isa = PBXBuildFile; fileRef = 79470B9E1C19928F009C37AA /* download.jpeg */; };
		79470BAD1C19AE68009C37AA /* PLProfileWindowController.m in Sources */ = {isa = PBXBuildFile; fileRef = 79470BAB1C19AE68009C37AA /* PLProfileWindowController.m */; };
		79470BAE1C19AE68009C37AA /* PLProfileWindowController.m in Sources */ = {isa = PBXBuildFile; fileRef = 79470BAB1C19AE68009C37AA /* PLProfileWindowController.m */; };
		79470BAF1C19AE68009C37AA /* PLProfileWindowController.xib in Resources */ = {isa = PBXBuildFile; fileRef = 79470BAC1C19AE68009C37AA /* PLProfileWindowController.xib */; };
		79470BB01C19AE68009C37AA /* PLProfileWindowController.xib in Resources */ = {isa = PBXBuildFile; fileRef = 79470BAC1C19AE68009C37AA /* PLProfileWindowController.xib */; };
		79726ECF1C16ED6E003B85D2 /* main.m in Sources */ = {isa = PBXBuildFile; fileRef = 3E6835D11607C90400DDFB82 /* main.m */; };
		79726ED01C16ED6E003B85D2 /* PLAppDelegate.m in Sources */ = {isa = PBXBuildFile; fileRef = 3E6835D81607C90400DDFB82 /* PLAppDelegate.m */; };
		79726ED11C16ED6E003B85D2 /* PDF_Letterhead.xcdatamodeld in Sources */ = {isa = PBXBuildFile; fileRef = 3E6835DD1607C90400DDFB82 /* PDF_Letterhead.xcdatamodeld */; };
		79726ED21C16ED6E003B85D2 /* PLDropZone.m in Sources */ = {isa = PBXBuildFile; fileRef = 3E6835F31607CC7900DDFB82 /* PLDropZone.m */; };
		79726ED31C16ED6E003B85D2 /* PLPDFPage.m in Sources */ = {isa = PBXBuildFile; fileRef = 3E6835F61607D22100DDFB82 /* PLPDFPage.m */; };
		79726ED51C16ED6E003B85D2 /* PLPreviewWindow.m in Sources */ = {isa = PBXBuildFile; fileRef = 3EFB08F71615032E006063F9 /* PLPreviewWindow.m */; };
		79726ED61C16ED6E003B85D2 /* PLMainWindowView.m in Sources */ = {isa = PBXBuildFile; fileRef = 3E3C6E041628C2EF000DEB08 /* PLMainWindowView.m */; };
		79726ED71C16ED6E003B85D2 /* OnOffSwitchControlCell.m in Sources */ = {isa = PBXBuildFile; fileRef = 3E0C8E9016768EEB00DE6E94 /* OnOffSwitchControlCell.m */; };
		79726ED81C16ED6E003B85D2 /* OnOffSwitchControl.m in Sources */ = {isa = PBXBuildFile; fileRef = 3E0C8E9216768EEC00DE6E94 /* OnOffSwitchControl.m */; };
		79726ED91C16ED6E003B85D2 /* PLBottomToolbarView.m in Sources */ = {isa = PBXBuildFile; fileRef = 3E2770391677DC2D002DD3DE /* PLBottomToolbarView.m */; };
		79726EDA1C16ED6E003B85D2 /* PLBackgroundDropZoneContainer.m in Sources */ = {isa = PBXBuildFile; fileRef = 3E2770411677E336002DD3DE /* PLBackgroundDropZoneContainer.m */; };
		79726EDB1C16ED6E003B85D2 /* PLPDFBgView.m in Sources */ = {isa = PBXBuildFile; fileRef = 3E798B751677F336006F47F5 /* PLPDFBgView.m */; };
		79726EDC1C16ED6E003B85D2 /* PLPDFBgAreaView.m in Sources */ = {isa = PBXBuildFile; fileRef = 3E9F2DAA1679378E00486537 /* PLPDFBgAreaView.m */; };
		79726EDD1C16ED6E003B85D2 /* AMBackground.m in Sources */ = {isa = PBXBuildFile; fileRef = 3E674460167943BA00D99390 /* AMBackground.m */; };
		79726EDE1C16ED6E003B85D2 /* AMDarkButtonCell.m in Sources */ = {isa = PBXBuildFile; fileRef = 3E674462167943BA00D99390 /* AMDarkButtonCell.m */; };
		79726EDF1C16ED6E003B85D2 /* PLQuickStart1.m in Sources */ = {isa = PBXBuildFile; fileRef = 3E2AFF0416A5F8B3006D2CB0 /* PLQuickStart1.m */; };
		79726EE01C16ED6E003B85D2 /* PLFAQWindowController.m in Sources */ = {isa = PBXBuildFile; fileRef = 3E9850B61BF4E29900D7ABAB /* PLFAQWindowController.m */; };
		79726EE21C16ED6E003B85D2 /* WebKit.framework in Frameworks */ = {isa = PBXBuildFile; fileRef = 3E51688318591F4B007E2F3C /* WebKit.framework */; };
		79726EE31C16ED6E003B85D2 /* Quartz.framework in Frameworks */ = {isa = PBXBuildFile; fileRef = 3E6835EC1607CA8A00DDFB82 /* Quartz.framework */; };
		79726EE41C16ED6E003B85D2 /* Cocoa.framework in Frameworks */ = {isa = PBXBuildFile; fileRef = 3E6835C51607C90400DDFB82 /* Cocoa.framework */; };
		79726EE61C16ED6E003B85D2 /* InfoPlist.strings in Resources */ = {isa = PBXBuildFile; fileRef = 3E6835CE1607C90400DDFB82 /* InfoPlist.strings */; };
		79726EE71C16ED6E003B85D2 /* Credits.rtf in Resources */ = {isa = PBXBuildFile; fileRef = 3E6835D41607C90400DDFB82 /* Credits.rtf */; };
		79726EE81C16ED6E003B85D2 /* MainMenu.xib in Resources */ = {isa = PBXBuildFile; fileRef = 3E6835DA1607C90400DDFB82 /* MainMenu.xib */; };
		79726EE91C16ED6E003B85D2 /* dragContentDocument.png in Resources */ = {isa = PBXBuildFile; fileRef = 3E6835EE1607CB6C00DDFB82 /* dragContentDocument.png */; };
		79726EEA1C16ED6E003B85D2 /* dragLetterheadDocument.png in Resources */ = {isa = PBXBuildFile; fileRef = 3E6835EF1607CB6C00DDFB82 /* dragLetterheadDocument.png */; };
		79726EEB1C16ED6E003B85D2 /* pdfletterheadIOS.icns in Resources */ = {isa = PBXBuildFile; fileRef = 3E6836021607EE8C00DDFB82 /* pdfletterheadIOS.icns */; };
		79726EEC1C16ED6E003B85D2 /* white.pdf in Resources */ = {isa = PBXBuildFile; fileRef = 3EF7E6BA16089C21008EA1B1 /* white.pdf */; };
		79726EED1C16ED6E003B85D2 /* FAQ.rtf in Resources */ = {isa = PBXBuildFile; fileRef = 3EF7E6BD16089EFA008EA1B1 /* FAQ.rtf */; };
		79726EEE1C16ED6E003B85D2 /* pdfletterheadMac.icns in Resources */ = {isa = PBXBuildFile; fileRef = 3E7BC9D3162459EE0092BF5E /* pdfletterheadMac.icns */; };
		79726EEF1C16ED6E003B85D2 /* Images.xcassets in Resources */ = {isa = PBXBuildFile; fileRef = 3EAF7FEC1AB23D9300C4EFB1 /* Images.xcassets */; };
		79726EF01C16ED6E003B85D2 /* bottomtoolbar.png in Resources */ = {isa = PBXBuildFile; fileRef = 3E27703B1677DCA5002DD3DE /* bottomtoolbar.png */; };
		79726EF11C16ED6E003B85D2 /* bgdrop.png in Resources */ = {isa = PBXBuildFile; fileRef = 3E2770431677E463002DD3DE /* bgdrop.png */; };
		79726EF21C16ED6E003B85D2 /* coverdrop.png in Resources */ = {isa = PBXBuildFile; fileRef = 3E2770441677E463002DD3DE /* coverdrop.png */; };
		79726EF31C16ED6E003B85D2 /* dropzonebg.png in Resources */ = {isa = PBXBuildFile; fileRef = 3E2770471677E5D5002DD3DE /* dropzonebg.png */; };
		79726EF41C16ED6E003B85D2 /* contentbg.png in Resources */ = {isa = PBXBuildFile; fileRef = 3E798B701677F03B006F47F5 /* contentbg.png */; };
		79726EF51C16ED6E003B85D2 /* contentdrop.png in Resources */ = {isa = PBXBuildFile; fileRef = 3E798B721677F053006F47F5 /* contentdrop.png */; };
		79726EF61C16ED6E003B85D2 /* pdfviewbg.png in Resources */ = {isa = PBXBuildFile; fileRef = 3E9F2DA3167929E400486537 /* pdfviewbg.png */; };
		79726EF71C16ED6E003B85D2 /* mail.png in Resources */ = {isa = PBXBuildFile; fileRef = 3E6744671679448400D99390 /* mail.png */; };
		79726EF91C16ED6E003B85D2 /* printer.png in Resources */ = {isa = PBXBuildFile; fileRef = 3E6744681679448400D99390 /* printer.png */; };
		79726EFB1C16ED6E003B85D2 /* saveicon.png in Resources */ = {isa = PBXBuildFile; fileRef = 3E67446D16794BE400D99390 /* saveicon.png */; };
		79726EFC1C16ED6E003B85D2 /* PLQuickStart1.xib in Resources */ = {isa = PBXBuildFile; fileRef = 3E2AFF0516A5F8B3006D2CB0 /* PLQuickStart1.xib */; };
		79726EFD1C16ED6E003B85D2 /* PDF-letterhead-QuickStart-1.png in Resources */ = {isa = PBXBuildFile; fileRef = 3E2AFF0816A5FC95006D2CB0 /* PDF-letterhead-QuickStart-1.png */; };
		79726EFE1C16ED6E003B85D2 /* quickstarttitle.png in Resources */ = {isa = PBXBuildFile; fileRef = 3E2AFF0A16A5FD03006D2CB0 /* quickstarttitle.png */; };
		79726F011C16ED6E003B85D2 /* Schermafbeelding 2013-01-15 om 22.15.47.png in Resources */ = {isa = PBXBuildFile; fileRef = 3E2AFF0E16A5FE91006D2CB0 /* Schermafbeelding 2013-01-15 om 22.15.47.png */; };
/* End PBXBuildFile section */

/* Begin PBXFileReference section */
		3E0C8E8F16768EEB00DE6E94 /* OnOffSwitchControlCell.h */ = {isa = PBXFileReference; fileEncoding = 4; lastKnownFileType = sourcecode.c.h; path = OnOffSwitchControlCell.h; sourceTree = "<group>"; };
		3E0C8E9016768EEB00DE6E94 /* OnOffSwitchControlCell.m */ = {isa = PBXFileReference; fileEncoding = 4; lastKnownFileType = sourcecode.c.objc; path = OnOffSwitchControlCell.m; sourceTree = "<group>"; };
		3E0C8E9116768EEC00DE6E94 /* OnOffSwitchControl.h */ = {isa = PBXFileReference; fileEncoding = 4; lastKnownFileType = sourcecode.c.h; path = OnOffSwitchControl.h; sourceTree = "<group>"; };
		3E0C8E9216768EEC00DE6E94 /* OnOffSwitchControl.m */ = {isa = PBXFileReference; fileEncoding = 4; lastKnownFileType = sourcecode.c.objc; path = OnOffSwitchControl.m; sourceTree = "<group>"; };
		3E2770381677DC2D002DD3DE /* PLBottomToolbarView.h */ = {isa = PBXFileReference; fileEncoding = 4; lastKnownFileType = sourcecode.c.h; path = PLBottomToolbarView.h; sourceTree = "<group>"; };
		3E2770391677DC2D002DD3DE /* PLBottomToolbarView.m */ = {isa = PBXFileReference; fileEncoding = 4; lastKnownFileType = sourcecode.c.objc; path = PLBottomToolbarView.m; sourceTree = "<group>"; };
		3E27703B1677DCA5002DD3DE /* bottomtoolbar.png */ = {isa = PBXFileReference; lastKnownFileType = image.png; path = bottomtoolbar.png; sourceTree = "<group>"; };
		3E2770401677E336002DD3DE /* PLBackgroundDropZoneContainer.h */ = {isa = PBXFileReference; fileEncoding = 4; lastKnownFileType = sourcecode.c.h; path = PLBackgroundDropZoneContainer.h; sourceTree = "<group>"; };
		3E2770411677E336002DD3DE /* PLBackgroundDropZoneContainer.m */ = {isa = PBXFileReference; fileEncoding = 4; lastKnownFileType = sourcecode.c.objc; path = PLBackgroundDropZoneContainer.m; sourceTree = "<group>"; };
		3E2770431677E463002DD3DE /* bgdrop.png */ = {isa = PBXFileReference; lastKnownFileType = image.png; path = bgdrop.png; sourceTree = "<group>"; };
		3E2770441677E463002DD3DE /* coverdrop.png */ = {isa = PBXFileReference; lastKnownFileType = image.png; path = coverdrop.png; sourceTree = "<group>"; };
		3E2770471677E5D5002DD3DE /* dropzonebg.png */ = {isa = PBXFileReference; lastKnownFileType = image.png; path = dropzonebg.png; sourceTree = "<group>"; };
		3E2AFF0316A5F8B3006D2CB0 /* PLQuickStart1.h */ = {isa = PBXFileReference; fileEncoding = 4; lastKnownFileType = sourcecode.c.h; name = PLQuickStart1.h; path = "PDF Letterhead/PLQuickStart1.h"; sourceTree = "<group>"; };
		3E2AFF0416A5F8B3006D2CB0 /* PLQuickStart1.m */ = {isa = PBXFileReference; fileEncoding = 4; lastKnownFileType = sourcecode.c.objc; name = PLQuickStart1.m; path = "PDF Letterhead/PLQuickStart1.m"; sourceTree = "<group>"; };
		3E2AFF0516A5F8B3006D2CB0 /* PLQuickStart1.xib */ = {isa = PBXFileReference; fileEncoding = 4; lastKnownFileType = file.xib; name = PLQuickStart1.xib; path = "PDF Letterhead/PLQuickStart1.xib"; sourceTree = "<group>"; };
		3E2AFF0816A5FC95006D2CB0 /* PDF-letterhead-QuickStart-1.png */ = {isa = PBXFileReference; lastKnownFileType = image.png; path = "PDF-letterhead-QuickStart-1.png"; sourceTree = "<group>"; };
		3E2AFF0A16A5FD03006D2CB0 /* quickstarttitle.png */ = {isa = PBXFileReference; lastKnownFileType = image.png; path = quickstarttitle.png; sourceTree = "<group>"; };
		3E2AFF0E16A5FE91006D2CB0 /* Schermafbeelding 2013-01-15 om 22.15.47.png */ = {isa = PBXFileReference; lastKnownFileType = image.png; path = "Schermafbeelding 2013-01-15 om 22.15.47.png"; sourceTree = "<group>"; };
		3E3C6E031628C2EF000DEB08 /* PLMainWindowView.h */ = {isa = PBXFileReference; fileEncoding = 4; lastKnownFileType = sourcecode.c.h; path = PLMainWindowView.h; sourceTree = "<group>"; };
		3E3C6E041628C2EF000DEB08 /* PLMainWindowView.m */ = {isa = PBXFileReference; fileEncoding = 4; lastKnownFileType = sourcecode.c.objc; path = PLMainWindowView.m; sourceTree = "<group>"; };
		3E51688318591F4B007E2F3C /* WebKit.framework */ = {isa = PBXFileReference; lastKnownFileType = wrapper.framework; name = WebKit.framework; path = System/Library/Frameworks/WebKit.framework; sourceTree = SDKROOT; };
		3E67445F167943BA00D99390 /* AMBackground.h */ = {isa = PBXFileReference; fileEncoding = 4; lastKnownFileType = sourcecode.c.h; path = AMBackground.h; sourceTree = "<group>"; };
		3E674460167943BA00D99390 /* AMBackground.m */ = {isa = PBXFileReference; fileEncoding = 4; lastKnownFileType = sourcecode.c.objc; path = AMBackground.m; sourceTree = "<group>"; };
		3E674461167943BA00D99390 /* AMDarkButtonCell.h */ = {isa = PBXFileReference; fileEncoding = 4; lastKnownFileType = sourcecode.c.h; path = AMDarkButtonCell.h; sourceTree = "<group>"; };
		3E674462167943BA00D99390 /* AMDarkButtonCell.m */ = {isa = PBXFileReference; fileEncoding = 4; lastKnownFileType = sourcecode.c.objc; path = AMDarkButtonCell.m; sourceTree = "<group>"; };
		3E6744671679448400D99390 /* mail.png */ = {isa = PBXFileReference; lastKnownFileType = image.png; path = mail.png; sourceTree = "<group>"; };
		3E6744681679448400D99390 /* printer.png */ = {isa = PBXFileReference; lastKnownFileType = image.png; path = printer.png; sourceTree = "<group>"; };
		3E67446D16794BE400D99390 /* saveicon.png */ = {isa = PBXFileReference; lastKnownFileType = image.png; path = saveicon.png; sourceTree = "<group>"; };
		3E6835C11607C90400DDFB82 /* PDF Letterhead Lite.app */ = {isa = PBXFileReference; explicitFileType = wrapper.application; includeInIndex = 0; path = "PDF Letterhead Lite.app"; sourceTree = BUILT_PRODUCTS_DIR; };
		3E6835C51607C90400DDFB82 /* Cocoa.framework */ = {isa = PBXFileReference; lastKnownFileType = wrapper.framework; name = Cocoa.framework; path = System/Library/Frameworks/Cocoa.framework; sourceTree = SDKROOT; };
		3E6835C81607C90400DDFB82 /* AppKit.framework */ = {isa = PBXFileReference; lastKnownFileType = wrapper.framework; name = AppKit.framework; path = System/Library/Frameworks/AppKit.framework; sourceTree = SDKROOT; };
		3E6835C91607C90400DDFB82 /* CoreData.framework */ = {isa = PBXFileReference; lastKnownFileType = wrapper.framework; name = CoreData.framework; path = System/Library/Frameworks/CoreData.framework; sourceTree = SDKROOT; };
		3E6835CA1607C90400DDFB82 /* Foundation.framework */ = {isa = PBXFileReference; lastKnownFileType = wrapper.framework; name = Foundation.framework; path = System/Library/Frameworks/Foundation.framework; sourceTree = SDKROOT; };
		3E6835CD1607C90400DDFB82 /* PDF Letterhead Lite.plist */ = {isa = PBXFileReference; lastKnownFileType = text.plist.xml; path = "PDF Letterhead Lite.plist"; sourceTree = "<group>"; };
		3E6835CF1607C90400DDFB82 /* en */ = {isa = PBXFileReference; lastKnownFileType = text.plist.strings; name = en; path = en.lproj/InfoPlist.strings; sourceTree = "<group>"; };
		3E6835D11607C90400DDFB82 /* main.m */ = {isa = PBXFileReference; lastKnownFileType = sourcecode.c.objc; path = main.m; sourceTree = "<group>"; };
		3E6835D31607C90400DDFB82 /* PDF Letterhead-Prefix.pch */ = {isa = PBXFileReference; lastKnownFileType = sourcecode.c.h; path = "PDF Letterhead-Prefix.pch"; sourceTree = "<group>"; };
		3E6835D51607C90400DDFB82 /* en */ = {isa = PBXFileReference; lastKnownFileType = text.rtf; name = en; path = en.lproj/Credits.rtf; sourceTree = "<group>"; };
		3E6835D71607C90400DDFB82 /* PLAppDelegate.h */ = {isa = PBXFileReference; lastKnownFileType = sourcecode.c.h; path = PLAppDelegate.h; sourceTree = "<group>"; };
		3E6835D81607C90400DDFB82 /* PLAppDelegate.m */ = {isa = PBXFileReference; lastKnownFileType = sourcecode.c.objc; path = PLAppDelegate.m; sourceTree = "<group>"; };
		3E6835DB1607C90400DDFB82 /* en */ = {isa = PBXFileReference; lastKnownFileType = file.xib; name = en; path = en.lproj/MainMenu.xib; sourceTree = "<group>"; };
		3E6835DE1607C90400DDFB82 /* PDF_Letterhead.xcdatamodel */ = {isa = PBXFileReference; lastKnownFileType = wrapper.xcdatamodel; path = PDF_Letterhead.xcdatamodel; sourceTree = "<group>"; };
		3E6835EC1607CA8A00DDFB82 /* Quartz.framework */ = {isa = PBXFileReference; lastKnownFileType = wrapper.framework; name = Quartz.framework; path = System/Library/Frameworks/Quartz.framework; sourceTree = SDKROOT; };
		3E6835EE1607CB6C00DDFB82 /* dragContentDocument.png */ = {isa = PBXFileReference; lastKnownFileType = image.png; path = dragContentDocument.png; sourceTree = "<group>"; };
		3E6835EF1607CB6C00DDFB82 /* dragLetterheadDocument.png */ = {isa = PBXFileReference; lastKnownFileType = image.png; path = dragLetterheadDocument.png; sourceTree = "<group>"; };
		3E6835F21607CC7900DDFB82 /* PLDropZone.h */ = {isa = PBXFileReference; fileEncoding = 4; lastKnownFileType = sourcecode.c.h; path = PLDropZone.h; sourceTree = "<group>"; };
		3E6835F31607CC7900DDFB82 /* PLDropZone.m */ = {isa = PBXFileReference; fileEncoding = 4; lastKnownFileType = sourcecode.c.objc; path = PLDropZone.m; sourceTree = "<group>"; };
		3E6835F51607D22100DDFB82 /* PLPDFPage.h */ = {isa = PBXFileReference; fileEncoding = 4; lastKnownFileType = sourcecode.c.h; path = PLPDFPage.h; sourceTree = "<group>"; };
		3E6835F61607D22100DDFB82 /* PLPDFPage.m */ = {isa = PBXFileReference; fileEncoding = 4; lastKnownFileType = sourcecode.c.objc; path = PLPDFPage.m; sourceTree = "<group>"; };
		3E6836021607EE8C00DDFB82 /* pdfletterheadIOS.icns */ = {isa = PBXFileReference; lastKnownFileType = image.icns; name = pdfletterheadIOS.icns; path = ../pdfletterheadIOS.icns; sourceTree = "<group>"; };
		3E798B701677F03B006F47F5 /* contentbg.png */ = {isa = PBXFileReference; lastKnownFileType = image.png; path = contentbg.png; sourceTree = "<group>"; };
		3E798B721677F053006F47F5 /* contentdrop.png */ = {isa = PBXFileReference; lastKnownFileType = image.png; path = contentdrop.png; sourceTree = "<group>"; };
		3E798B741677F336006F47F5 /* PLPDFBgView.h */ = {isa = PBXFileReference; fileEncoding = 4; lastKnownFileType = sourcecode.c.h; path = PLPDFBgView.h; sourceTree = "<group>"; };
		3E798B751677F336006F47F5 /* PLPDFBgView.m */ = {isa = PBXFileReference; fileEncoding = 4; lastKnownFileType = sourcecode.c.objc; path = PLPDFBgView.m; sourceTree = "<group>"; };
		3E7BC9D3162459EE0092BF5E /* pdfletterheadMac.icns */ = {isa = PBXFileReference; lastKnownFileType = image.icns; name = pdfletterheadMac.icns; path = ../pdfletterheadMac.icns; sourceTree = "<group>"; };
		3E9850B51BF4E29900D7ABAB /* PLFAQWindowController.h */ = {isa = PBXFileReference; fileEncoding = 4; lastKnownFileType = sourcecode.c.h; path = PLFAQWindowController.h; sourceTree = "<group>"; };
		3E9850B61BF4E29900D7ABAB /* PLFAQWindowController.m */ = {isa = PBXFileReference; fileEncoding = 4; lastKnownFileType = sourcecode.c.objc; path = PLFAQWindowController.m; sourceTree = "<group>"; };
		3E9F2DA3167929E400486537 /* pdfviewbg.png */ = {isa = PBXFileReference; lastKnownFileType = image.png; path = pdfviewbg.png; sourceTree = "<group>"; };
		3E9F2DA91679378E00486537 /* PLPDFBgAreaView.h */ = {isa = PBXFileReference; fileEncoding = 4; lastKnownFileType = sourcecode.c.h; path = PLPDFBgAreaView.h; sourceTree = "<group>"; };
		3E9F2DAA1679378E00486537 /* PLPDFBgAreaView.m */ = {isa = PBXFileReference; fileEncoding = 4; lastKnownFileType = sourcecode.c.objc; path = PLPDFBgAreaView.m; sourceTree = "<group>"; };
		3EAF7FEC1AB23D9300C4EFB1 /* Images.xcassets */ = {isa = PBXFileReference; lastKnownFileType = folder.assetcatalog; path = Images.xcassets; sourceTree = "<group>"; };
		3EAF7FEE1AB23FE100C4EFB1 /* PDF Letterhead.entitlements */ = {isa = PBXFileReference; lastKnownFileType = text.xml; path = "PDF Letterhead.entitlements"; sourceTree = "<group>"; };
		3EF7E6BA16089C21008EA1B1 /* white.pdf */ = {isa = PBXFileReference; lastKnownFileType = image.pdf; path = white.pdf; sourceTree = "<group>"; };
		3EF7E6BD16089EFA008EA1B1 /* FAQ.rtf */ = {isa = PBXFileReference; fileEncoding = 4; lastKnownFileType = text.rtf; path = FAQ.rtf; sourceTree = "<group>"; };
		3EFB08F61615032E006063F9 /* PLPreviewWindow.h */ = {isa = PBXFileReference; fileEncoding = 4; lastKnownFileType = sourcecode.c.h; path = PLPreviewWindow.h; sourceTree = "<group>"; };
		3EFB08F71615032E006063F9 /* PLPreviewWindow.m */ = {isa = PBXFileReference; fileEncoding = 4; lastKnownFileType = sourcecode.c.objc; path = PLPreviewWindow.m; sourceTree = "<group>"; };
		79377F981C1F03E500901220 /* Profile+CoreDataProperties.h */ = {isa = PBXFileReference; fileEncoding = 4; lastKnownFileType = sourcecode.c.h; path = "Profile+CoreDataProperties.h"; sourceTree = "<group>"; };
		79377F991C1F03E500901220 /* Profile+CoreDataProperties.m */ = {isa = PBXFileReference; fileEncoding = 4; lastKnownFileType = sourcecode.c.objc; path = "Profile+CoreDataProperties.m"; sourceTree = "<group>"; };
		79377F9A1C1F03E500901220 /* Profile.h */ = {isa = PBXFileReference; fileEncoding = 4; lastKnownFileType = sourcecode.c.h; path = Profile.h; sourceTree = "<group>"; };
		79377F9B1C1F03E500901220 /* Profile.m */ = {isa = PBXFileReference; fileEncoding = 4; lastKnownFileType = sourcecode.c.objc; path = Profile.m; sourceTree = "<group>"; };
		79377FA01C1F0D5600901220 /* PLImageTransformer.h */ = {isa = PBXFileReference; fileEncoding = 4; lastKnownFileType = sourcecode.c.h; path = PLImageTransformer.h; sourceTree = "<group>"; };
		79377FA11C1F0D5600901220 /* PLImageTransformer.m */ = {isa = PBXFileReference; fileEncoding = 4; lastKnownFileType = sourcecode.c.objc; path = PLImageTransformer.m; sourceTree = "<group>"; };
		79470B9D1C19928F009C37AA /* Metallic_shield_bug444.jpg */ = {isa = PBXFileReference; lastKnownFileType = image.jpeg; path = Metallic_shield_bug444.jpg; sourceTree = "<group>"; };
		79470B9E1C19928F009C37AA /* download.jpeg */ = {isa = PBXFileReference; lastKnownFileType = image.jpeg; path = download.jpeg; sourceTree = "<group>"; };
		79470BAA1C19AE68009C37AA /* PLProfileWindowController.h */ = {isa = PBXFileReference; fileEncoding = 4; lastKnownFileType = sourcecode.c.h; path = PLProfileWindowController.h; sourceTree = "<group>"; };
		79470BAB1C19AE68009C37AA /* PLProfileWindowController.m */ = {isa = PBXFileReference; fileEncoding = 4; lastKnownFileType = sourcecode.c.objc; path = PLProfileWindowController.m; sourceTree = "<group>"; };
		79470BAC1C19AE68009C37AA /* PLProfileWindowController.xib */ = {isa = PBXFileReference; fileEncoding = 4; lastKnownFileType = file.xib; path = PLProfileWindowController.xib; sourceTree = "<group>"; };
		79726F051C16ED6E003B85D2 /* PDF Letterhead Pro.app */ = {isa = PBXFileReference; explicitFileType = wrapper.application; includeInIndex = 0; path = "PDF Letterhead Pro.app"; sourceTree = BUILT_PRODUCTS_DIR; };
		79726F061C16ED6F003B85D2 /* PDF Letterhead Pro.plist */ = {isa = PBXFileReference; lastKnownFileType = text.plist.xml; name = "PDF Letterhead Pro.plist"; path = "/Users/richard/Apps/pdf_letterhead/PDF Letterhead/PDF Letterhead Pro.plist"; sourceTree = "<absolute>"; };
/* End PBXFileReference section */

/* Begin PBXFrameworksBuildPhase section */
		3E6835BE1607C90400DDFB82 /* Frameworks */ = {
			isa = PBXFrameworksBuildPhase;
			buildActionMask = 2147483647;
			files = (
				3E51688418591F4B007E2F3C /* WebKit.framework in Frameworks */,
				3E6835ED1607CA8A00DDFB82 /* Quartz.framework in Frameworks */,
				3E6835C61607C90400DDFB82 /* Cocoa.framework in Frameworks */,
			);
			runOnlyForDeploymentPostprocessing = 0;
		};
		79726EE11C16ED6E003B85D2 /* Frameworks */ = {
			isa = PBXFrameworksBuildPhase;
			buildActionMask = 2147483647;
			files = (
				79726EE21C16ED6E003B85D2 /* WebKit.framework in Frameworks */,
				79726EE31C16ED6E003B85D2 /* Quartz.framework in Frameworks */,
				79726EE41C16ED6E003B85D2 /* Cocoa.framework in Frameworks */,
			);
			runOnlyForDeploymentPostprocessing = 0;
		};
/* End PBXFrameworksBuildPhase section */

/* Begin PBXGroup section */
		3E0C8E9516768EF200DE6E94 /* onoffswitch */ = {
			isa = PBXGroup;
			children = (
				3E0C8E8F16768EEB00DE6E94 /* OnOffSwitchControlCell.h */,
				3E0C8E9016768EEB00DE6E94 /* OnOffSwitchControlCell.m */,
				3E0C8E9116768EEC00DE6E94 /* OnOffSwitchControl.h */,
				3E0C8E9216768EEC00DE6E94 /* OnOffSwitchControl.m */,
			);
			name = onoffswitch;
			sourceTree = "<group>";
		};
		3E27702A1677D726002DD3DE /* MainWindow */ = {
			isa = PBXGroup;
			children = (
				3E3C6E031628C2EF000DEB08 /* PLMainWindowView.h */,
				3E3C6E041628C2EF000DEB08 /* PLMainWindowView.m */,
				3E6835F51607D22100DDFB82 /* PLPDFPage.h */,
				3E6835F61607D22100DDFB82 /* PLPDFPage.m */,
				3E9F2DA91679378E00486537 /* PLPDFBgAreaView.h */,
				3E9F2DAA1679378E00486537 /* PLPDFBgAreaView.m */,
				3E6835F21607CC7900DDFB82 /* PLDropZone.h */,
				3E6835F31607CC7900DDFB82 /* PLDropZone.m */,
				3E798B741677F336006F47F5 /* PLPDFBgView.h */,
				3E798B751677F336006F47F5 /* PLPDFBgView.m */,
				3E2770401677E336002DD3DE /* PLBackgroundDropZoneContainer.h */,
				3E2770411677E336002DD3DE /* PLBackgroundDropZoneContainer.m */,
				3E2770381677DC2D002DD3DE /* PLBottomToolbarView.h */,
				3E2770391677DC2D002DD3DE /* PLBottomToolbarView.m */,
			);
			name = MainWindow;
			sourceTree = "<group>";
		};
		3E2AFEFD16A5F4B3006D2CB0 /* QuickStart */ = {
			isa = PBXGroup;
			children = (
				3E2AFF0E16A5FE91006D2CB0 /* Schermafbeelding 2013-01-15 om 22.15.47.png */,
				3E2AFF0A16A5FD03006D2CB0 /* quickstarttitle.png */,
				3E2AFF0816A5FC95006D2CB0 /* PDF-letterhead-QuickStart-1.png */,
				3E2AFF0316A5F8B3006D2CB0 /* PLQuickStart1.h */,
				3E2AFF0416A5F8B3006D2CB0 /* PLQuickStart1.m */,
				3E2AFF0516A5F8B3006D2CB0 /* PLQuickStart1.xib */,
			);
			name = QuickStart;
			path = ..;
			sourceTree = "<group>";
		};
		3E3FC58D167A9F7B0006D91B /* FAQWindow */ = {
			isa = PBXGroup;
			children = (
				3E9850B51BF4E29900D7ABAB /* PLFAQWindowController.h */,
				3E9850B61BF4E29900D7ABAB /* PLFAQWindowController.m */,
			);
			name = FAQWindow;
			sourceTree = "<group>";
		};
		3E3FC58E167A9F870006D91B /* PreviewWindow */ = {
			isa = PBXGroup;
			children = (
				3EFB08F61615032E006063F9 /* PLPreviewWindow.h */,
				3EFB08F71615032E006063F9 /* PLPreviewWindow.m */,
			);
			name = PreviewWindow;
			sourceTree = "<group>";
		};
		3E3FC58F167A9FC70006D91B /* images */ = {
			isa = PBXGroup;
			children = (
				3E9F2DA3167929E400486537 /* pdfviewbg.png */,
				3E2770431677E463002DD3DE /* bgdrop.png */,
				3E798B721677F053006F47F5 /* contentdrop.png */,
				3E798B701677F03B006F47F5 /* contentbg.png */,
				3E2770471677E5D5002DD3DE /* dropzonebg.png */,
				3E2770441677E463002DD3DE /* coverdrop.png */,
				3E27703B1677DCA5002DD3DE /* bottomtoolbar.png */,
			);
			name = images;
			sourceTree = "<group>";
		};
		3E674466167943C200D99390 /* BottomToolbar */ = {
			isa = PBXGroup;
			children = (
				3E6744671679448400D99390 /* mail.png */,
				3E67446D16794BE400D99390 /* saveicon.png */,
				3E6744681679448400D99390 /* printer.png */,
				3E67445F167943BA00D99390 /* AMBackground.h */,
				3E674460167943BA00D99390 /* AMBackground.m */,
				3E674461167943BA00D99390 /* AMDarkButtonCell.h */,
				3E674462167943BA00D99390 /* AMDarkButtonCell.m */,
			);
			name = BottomToolbar;
			sourceTree = "<group>";
		};
		3E6835B61607C90300DDFB82 = {
			isa = PBXGroup;
			children = (
				3E6835CB1607C90400DDFB82 /* PDF Letterhead */,
				3E6835C41607C90400DDFB82 /* Frameworks */,
				3E6835C21607C90400DDFB82 /* Products */,
			);
			sourceTree = "<group>";
		};
		3E6835C21607C90400DDFB82 /* Products */ = {
			isa = PBXGroup;
			children = (
				3E6835C11607C90400DDFB82 /* PDF Letterhead Lite.app */,
				79726F051C16ED6E003B85D2 /* PDF Letterhead Pro.app */,
			);
			name = Products;
			sourceTree = "<group>";
		};
		3E6835C41607C90400DDFB82 /* Frameworks */ = {
			isa = PBXGroup;
			children = (
				3E51688318591F4B007E2F3C /* WebKit.framework */,
				3E6835EC1607CA8A00DDFB82 /* Quartz.framework */,
				3E6835C51607C90400DDFB82 /* Cocoa.framework */,
				3E6835C71607C90400DDFB82 /* Other Frameworks */,
			);
			name = Frameworks;
			sourceTree = "<group>";
		};
		3E6835C71607C90400DDFB82 /* Other Frameworks */ = {
			isa = PBXGroup;
			children = (
				3E6835C81607C90400DDFB82 /* AppKit.framework */,
				3E6835C91607C90400DDFB82 /* CoreData.framework */,
				3E6835CA1607C90400DDFB82 /* Foundation.framework */,
			);
			name = "Other Frameworks";
			sourceTree = "<group>";
		};
		3E6835CB1607C90400DDFB82 /* PDF Letterhead */ = {
			isa = PBXGroup;
			children = (
				79470B9C1C19914E009C37AA /* Sample Images */,
				3EAF7FEE1AB23FE100C4EFB1 /* PDF Letterhead.entitlements */,
				3E2AFEFD16A5F4B3006D2CB0 /* QuickStart */,
				3E0C8E9516768EF200DE6E94 /* onoffswitch */,
				3E674466167943C200D99390 /* BottomToolbar */,
				3E3FC58D167A9F7B0006D91B /* FAQWindow */,
				79B9AC8A1C18851900B260F6 /* ProfilesWindow */,
				3E3FC58E167A9F870006D91B /* PreviewWindow */,
				3E27702A1677D726002DD3DE /* MainWindow */,
				3E6835D71607C90400DDFB82 /* PLAppDelegate.h */,
				3E6835D81607C90400DDFB82 /* PLAppDelegate.m */,
				3E6835DA1607C90400DDFB82 /* MainMenu.xib */,
				3EAF7FEC1AB23D9300C4EFB1 /* Images.xcassets */,
				3E6835CC1607C90400DDFB82 /* Supporting Files */,
			);
			path = "PDF Letterhead";
			sourceTree = "<group>";
		};
		3E6835CC1607C90400DDFB82 /* Supporting Files */ = {
			isa = PBXGroup;
			children = (
				3E3FC58F167A9FC70006D91B /* images */,
				3E6835DD1607C90400DDFB82 /* PDF_Letterhead.xcdatamodeld */,
				3EF7E6BA16089C21008EA1B1 /* white.pdf */,
				3E7BC9D3162459EE0092BF5E /* pdfletterheadMac.icns */,
				3E6836021607EE8C00DDFB82 /* pdfletterheadIOS.icns */,
				3E6835EE1607CB6C00DDFB82 /* dragContentDocument.png */,
				3E6835EF1607CB6C00DDFB82 /* dragLetterheadDocument.png */,
				3E6835CD1607C90400DDFB82 /* PDF Letterhead Lite.plist */,
				79726F061C16ED6F003B85D2 /* PDF Letterhead Pro.plist */,
				3E6835CE1607C90400DDFB82 /* InfoPlist.strings */,
				3E6835D11607C90400DDFB82 /* main.m */,
				3E6835D31607C90400DDFB82 /* PDF Letterhead-Prefix.pch */,
				3E6835D41607C90400DDFB82 /* Credits.rtf */,
				3EF7E6BD16089EFA008EA1B1 /* FAQ.rtf */,
			);
			name = "Supporting Files";
			sourceTree = "<group>";
		};
		79470B9C1C19914E009C37AA /* Sample Images */ = {
			isa = PBXGroup;
			children = (
				79470B9D1C19928F009C37AA /* Metallic_shield_bug444.jpg */,
				79470B9E1C19928F009C37AA /* download.jpeg */,
			);
			name = "Sample Images";
			sourceTree = "<group>";
		};
		79B9AC8A1C18851900B260F6 /* ProfilesWindow */ = {
			isa = PBXGroup;
			children = (
				79377F981C1F03E500901220 /* Profile+CoreDataProperties.h */,
				79377F991C1F03E500901220 /* Profile+CoreDataProperties.m */,
				79377F9A1C1F03E500901220 /* Profile.h */,
				79377F9B1C1F03E500901220 /* Profile.m */,
				79470BAA1C19AE68009C37AA /* PLProfileWindowController.h */,
				79470BAB1C19AE68009C37AA /* PLProfileWindowController.m */,
				79470BAC1C19AE68009C37AA /* PLProfileWindowController.xib */,
				79377FA01C1F0D5600901220 /* PLImageTransformer.h */,
				79377FA11C1F0D5600901220 /* PLImageTransformer.m */,
			);
			name = ProfilesWindow;
			sourceTree = "<group>";
		};
/* End PBXGroup section */

/* Begin PBXNativeTarget section */
		3E6835C01607C90400DDFB82 /* PDF Letterhead Lite */ = {
			isa = PBXNativeTarget;
			buildConfigurationList = 3E6835E21607C90400DDFB82 /* Build configuration list for PBXNativeTarget "PDF Letterhead Lite" */;
			buildPhases = (
				3EF7E6C41608A136008EA1B1 /* ShellScript */,
				3E6835BD1607C90400DDFB82 /* Sources */,
				3E6835BE1607C90400DDFB82 /* Frameworks */,
				3E6835BF1607C90400DDFB82 /* Resources */,
			);
			buildRules = (
			);
			dependencies = (
			);
			name = "PDF Letterhead Lite";
			productName = "PDF Letterhead";
			productReference = 3E6835C11607C90400DDFB82 /* PDF Letterhead Lite.app */;
			productType = "com.apple.product-type.application";
		};
		79726ECC1C16ED6E003B85D2 /* PDF Letterhead Pro */ = {
			isa = PBXNativeTarget;
			buildConfigurationList = 79726F021C16ED6E003B85D2 /* Build configuration list for PBXNativeTarget "PDF Letterhead Pro" */;
			buildPhases = (
				79726ECD1C16ED6E003B85D2 /* ShellScript */,
				79726ECE1C16ED6E003B85D2 /* Sources */,
				79726EE11C16ED6E003B85D2 /* Frameworks */,
				79726EE51C16ED6E003B85D2 /* Resources */,
			);
			buildRules = (
			);
			dependencies = (
			);
			name = "PDF Letterhead Pro";
			productName = "PDF Letterhead";
			productReference = 79726F051C16ED6E003B85D2 /* PDF Letterhead Pro.app */;
			productType = "com.apple.product-type.application";
		};
/* End PBXNativeTarget section */

/* Begin PBXProject section */
		3E6835B81607C90300DDFB82 /* Project object */ = {
			isa = PBXProject;
			attributes = {
				CLASSPREFIX = PL;
				LastSwiftUpdateCheck = 0710;
				LastUpgradeCheck = 0710;
				ORGANIZATIONNAME = "Pim Snel";
				TargetAttributes = {
					3E6835C01607C90400DDFB82 = {
						DevelopmentTeam = 3WQRKDPTP8;
						SystemCapabilities = {
							com.apple.Sandbox = {
								enabled = 1;
							};
						};
					};
				};
			};
			buildConfigurationList = 3E6835BB1607C90300DDFB82 /* Build configuration list for PBXProject "PDF Letterhead" */;
			compatibilityVersion = "Xcode 3.2";
			developmentRegion = English;
			hasScannedForEncodings = 0;
			knownRegions = (
				en,
			);
			mainGroup = 3E6835B61607C90300DDFB82;
			productRefGroup = 3E6835C21607C90400DDFB82 /* Products */;
			projectDirPath = "";
			projectRoot = "";
			targets = (
				3E6835C01607C90400DDFB82 /* PDF Letterhead Lite */,
				79726ECC1C16ED6E003B85D2 /* PDF Letterhead Pro */,
			);
		};
/* End PBXProject section */

/* Begin PBXResourcesBuildPhase section */
		3E6835BF1607C90400DDFB82 /* Resources */ = {
			isa = PBXResourcesBuildPhase;
			buildActionMask = 2147483647;
			files = (
				3E6835D01607C90400DDFB82 /* InfoPlist.strings in Resources */,
				3E6835D61607C90400DDFB82 /* Credits.rtf in Resources */,
				3E6835F01607CB6C00DDFB82 /* dragContentDocument.png in Resources */,
				79470BAF1C19AE68009C37AA /* PLProfileWindowController.xib in Resources */,
				3E6835F11607CB6C00DDFB82 /* dragLetterheadDocument.png in Resources */,
				3E6836031607EE8C00DDFB82 /* pdfletterheadIOS.icns in Resources */,
				3EF7E6BB16089C21008EA1B1 /* white.pdf in Resources */,
				3EF7E6BE16089EFA008EA1B1 /* FAQ.rtf in Resources */,
				3E7BC9D4162459EE0092BF5E /* pdfletterheadMac.icns in Resources */,
				3EAF7FED1AB23D9300C4EFB1 /* Images.xcassets in Resources */,
				3E27703C1677DCA5002DD3DE /* bottomtoolbar.png in Resources */,
				3E2770451677E464002DD3DE /* bgdrop.png in Resources */,
				3E2770461677E464002DD3DE /* coverdrop.png in Resources */,
				3E2770481677E5D5002DD3DE /* dropzonebg.png in Resources */,
				3E798B711677F03C006F47F5 /* contentbg.png in Resources */,
				3E798B731677F053006F47F5 /* contentdrop.png in Resources */,
				79470B9F1C19928F009C37AA /* Metallic_shield_bug444.jpg in Resources */,
				3E9F2DA4167929E400486537 /* pdfviewbg.png in Resources */,
				3E6744691679448400D99390 /* mail.png in Resources */,
				3E67446A1679448400D99390 /* printer.png in Resources */,
				3E67446E16794BE400D99390 /* saveicon.png in Resources */,
				3E2AFF0716A5F8B3006D2CB0 /* PLQuickStart1.xib in Resources */,
				3E2AFF0916A5FC95006D2CB0 /* PDF-letterhead-QuickStart-1.png in Resources */,
				3E2AFF0B16A5FD03006D2CB0 /* quickstarttitle.png in Resources */,
				79470BA11C19928F009C37AA /* download.jpeg in Resources */,
				3E2AFF0F16A5FE91006D2CB0 /* Schermafbeelding 2013-01-15 om 22.15.47.png in Resources */,
				79470B931C19766B009C37AA /* MainMenu.xib in Resources */,
			);
			runOnlyForDeploymentPostprocessing = 0;
		};
		79726EE51C16ED6E003B85D2 /* Resources */ = {
			isa = PBXResourcesBuildPhase;
			buildActionMask = 2147483647;
			files = (
				79726EE61C16ED6E003B85D2 /* InfoPlist.strings in Resources */,
				79726EE71C16ED6E003B85D2 /* Credits.rtf in Resources */,
				79726EE81C16ED6E003B85D2 /* MainMenu.xib in Resources */,
				79470BB01C19AE68009C37AA /* PLProfileWindowController.xib in Resources */,
				79726EE91C16ED6E003B85D2 /* dragContentDocument.png in Resources */,
				79726EEA1C16ED6E003B85D2 /* dragLetterheadDocument.png in Resources */,
				79726EEB1C16ED6E003B85D2 /* pdfletterheadIOS.icns in Resources */,
				79726EEC1C16ED6E003B85D2 /* white.pdf in Resources */,
				79726EED1C16ED6E003B85D2 /* FAQ.rtf in Resources */,
				79726EEE1C16ED6E003B85D2 /* pdfletterheadMac.icns in Resources */,
				79726EEF1C16ED6E003B85D2 /* Images.xcassets in Resources */,
				79726EF01C16ED6E003B85D2 /* bottomtoolbar.png in Resources */,
				79726EF11C16ED6E003B85D2 /* bgdrop.png in Resources */,
				79726EF21C16ED6E003B85D2 /* coverdrop.png in Resources */,
				79726EF31C16ED6E003B85D2 /* dropzonebg.png in Resources */,
				79726EF41C16ED6E003B85D2 /* contentbg.png in Resources */,
				79470BA01C19928F009C37AA /* Metallic_shield_bug444.jpg in Resources */,
				79726EF51C16ED6E003B85D2 /* contentdrop.png in Resources */,
				79726EF61C16ED6E003B85D2 /* pdfviewbg.png in Resources */,
				79726EF71C16ED6E003B85D2 /* mail.png in Resources */,
				79726EF91C16ED6E003B85D2 /* printer.png in Resources */,
				79726EFB1C16ED6E003B85D2 /* saveicon.png in Resources */,
				79726EFC1C16ED6E003B85D2 /* PLQuickStart1.xib in Resources */,
				79726EFD1C16ED6E003B85D2 /* PDF-letterhead-QuickStart-1.png in Resources */,
				79470BA21C19928F009C37AA /* download.jpeg in Resources */,
				79726EFE1C16ED6E003B85D2 /* quickstarttitle.png in Resources */,
				79726F011C16ED6E003B85D2 /* Schermafbeelding 2013-01-15 om 22.15.47.png in Resources */,
			);
			runOnlyForDeploymentPostprocessing = 0;
		};
/* End PBXResourcesBuildPhase section */

/* Begin PBXShellScriptBuildPhase section */
		3EF7E6C41608A136008EA1B1 /* ShellScript */ = {
			isa = PBXShellScriptBuildPhase;
			buildActionMask = 2147483647;
			files = (
			);
			inputPaths = (
			);
			outputPaths = (
			);
			runOnlyForDeploymentPostprocessing = 0;
			shellPath = /bin/sh;
			shellScript = "#!/bin/bash\nbN=$(/usr/libexec/PlistBuddy -c \"Print CFBundleVersion\" \"$INFOPLIST_FILE\")\n#bN=$((0x$bN))\nbN=$(($bN + 1))\nbN=$(printf \"%u\" $bN)\n/usr/libexec/PlistBuddy -c \"Set :CFBundleVersion $bN\" \"$INFOPLIST_FILE\"";
		};
		79726ECD1C16ED6E003B85D2 /* ShellScript */ = {
			isa = PBXShellScriptBuildPhase;
			buildActionMask = 2147483647;
			files = (
			);
			inputPaths = (
			);
			outputPaths = (
			);
			runOnlyForDeploymentPostprocessing = 0;
			shellPath = /bin/sh;
			shellScript = "#!/bin/bash\nbN=$(/usr/libexec/PlistBuddy -c \"Print CFBundleVersion\" \"$INFOPLIST_FILE\")\n#bN=$((0x$bN))\nbN=$(($bN + 1))\nbN=$(printf \"%u\" $bN)\n/usr/libexec/PlistBuddy -c \"Set :CFBundleVersion $bN\" \"$INFOPLIST_FILE\"";
		};
/* End PBXShellScriptBuildPhase section */

/* Begin PBXSourcesBuildPhase section */
		3E6835BD1607C90400DDFB82 /* Sources */ = {
			isa = PBXSourcesBuildPhase;
			buildActionMask = 2147483647;
			files = (
				3E6835D21607C90400DDFB82 /* main.m in Sources */,
				3E6835D91607C90400DDFB82 /* PLAppDelegate.m in Sources */,
				3E6835DF1607C90400DDFB82 /* PDF_Letterhead.xcdatamodeld in Sources */,
				3E6835F41607CC7900DDFB82 /* PLDropZone.m in Sources */,
				3E6835F71607D22100DDFB82 /* PLPDFPage.m in Sources */,
				79470BAD1C19AE68009C37AA /* PLProfileWindowController.m in Sources */,
				3EFB08F81615032E006063F9 /* PLPreviewWindow.m in Sources */,
				3E3C6E051628C2EF000DEB08 /* PLMainWindowView.m in Sources */,
				79377FA21C1F0D5600901220 /* PLImageTransformer.m in Sources */,
				3E0C8E9316768EEC00DE6E94 /* OnOffSwitchControlCell.m in Sources */,
				3E0C8E9416768EEC00DE6E94 /* OnOffSwitchControl.m in Sources */,
				79377F9E1C1F03E500901220 /* Profile.m in Sources */,
				3E27703A1677DC2D002DD3DE /* PLBottomToolbarView.m in Sources */,
				3E2770421677E336002DD3DE /* PLBackgroundDropZoneContainer.m in Sources */,
				3E798B761677F336006F47F5 /* PLPDFBgView.m in Sources */,
				3E9F2DAB1679378E00486537 /* PLPDFBgAreaView.m in Sources */,
				3E674463167943BA00D99390 /* AMBackground.m in Sources */,
				3E674464167943BA00D99390 /* AMDarkButtonCell.m in Sources */,
				3E2AFF0616A5F8B3006D2CB0 /* PLQuickStart1.m in Sources */,
				3E9850B71BF4E29900D7ABAB /* PLFAQWindowController.m in Sources */,
				79377F9C1C1F03E500901220 /* Profile+CoreDataProperties.m in Sources */,
			);
			runOnlyForDeploymentPostprocessing = 0;
		};
		79726ECE1C16ED6E003B85D2 /* Sources */ = {
			isa = PBXSourcesBuildPhase;
			buildActionMask = 2147483647;
			files = (
				79726ECF1C16ED6E003B85D2 /* main.m in Sources */,
				79726ED01C16ED6E003B85D2 /* PLAppDelegate.m in Sources */,
				79726ED11C16ED6E003B85D2 /* PDF_Letterhead.xcdatamodeld in Sources */,
				79726ED21C16ED6E003B85D2 /* PLDropZone.m in Sources */,
				79726ED31C16ED6E003B85D2 /* PLPDFPage.m in Sources */,
				79470BAE1C19AE68009C37AA /* PLProfileWindowController.m in Sources */,
				79726ED51C16ED6E003B85D2 /* PLPreviewWindow.m in Sources */,
				79726ED61C16ED6E003B85D2 /* PLMainWindowView.m in Sources */,
				79377FA31C1F0D5600901220 /* PLImageTransformer.m in Sources */,
				79726ED71C16ED6E003B85D2 /* OnOffSwitchControlCell.m in Sources */,
				79726ED81C16ED6E003B85D2 /* OnOffSwitchControl.m in Sources */,
				79377F9F1C1F03E500901220 /* Profile.m in Sources */,
				79726ED91C16ED6E003B85D2 /* PLBottomToolbarView.m in Sources */,
				79726EDA1C16ED6E003B85D2 /* PLBackgroundDropZoneContainer.m in Sources */,
				79726EDB1C16ED6E003B85D2 /* PLPDFBgView.m in Sources */,
				79726EDC1C16ED6E003B85D2 /* PLPDFBgAreaView.m in Sources */,
				79726EDD1C16ED6E003B85D2 /* AMBackground.m in Sources */,
				79726EDE1C16ED6E003B85D2 /* AMDarkButtonCell.m in Sources */,
				79726EDF1C16ED6E003B85D2 /* PLQuickStart1.m in Sources */,
				79726EE01C16ED6E003B85D2 /* PLFAQWindowController.m in Sources */,
				79377F9D1C1F03E500901220 /* Profile+CoreDataProperties.m in Sources */,
			);
			runOnlyForDeploymentPostprocessing = 0;
		};
/* End PBXSourcesBuildPhase section */

/* Begin PBXVariantGroup section */
		3E6835CE1607C90400DDFB82 /* InfoPlist.strings */ = {
			isa = PBXVariantGroup;
			children = (
				3E6835CF1607C90400DDFB82 /* en */,
			);
			name = InfoPlist.strings;
			sourceTree = "<group>";
		};
		3E6835D41607C90400DDFB82 /* Credits.rtf */ = {
			isa = PBXVariantGroup;
			children = (
				3E6835D51607C90400DDFB82 /* en */,
			);
			name = Credits.rtf;
			sourceTree = "<group>";
		};
		3E6835DA1607C90400DDFB82 /* MainMenu.xib */ = {
			isa = PBXVariantGroup;
			children = (
				3E6835DB1607C90400DDFB82 /* en */,
			);
			name = MainMenu.xib;
			sourceTree = "<group>";
		};
/* End PBXVariantGroup section */

/* Begin XCBuildConfiguration section */
		3E6835E01607C90400DDFB82 /* Debug */ = {
			isa = XCBuildConfiguration;
			buildSettings = {
				ALWAYS_SEARCH_USER_PATHS = NO;
				CLANG_CXX_LANGUAGE_STANDARD = "gnu++0x";
				CLANG_ENABLE_OBJC_ARC = YES;
				CLANG_WARN__DUPLICATE_METHOD_MATCH = YES;
				COPY_PHASE_STRIP = NO;
				ENABLE_TESTABILITY = YES;
				GCC_C_LANGUAGE_STANDARD = gnu99;
				GCC_DYNAMIC_NO_PIC = NO;
				GCC_ENABLE_OBJC_EXCEPTIONS = YES;
				GCC_OPTIMIZATION_LEVEL = 0;
				GCC_PREPROCESSOR_DEFINITIONS = (
					"DEBUG=1",
					"$(inherited)",
				);
				GCC_SYMBOLS_PRIVATE_EXTERN = NO;
				GCC_WARN_64_TO_32_BIT_CONVERSION = YES;
				GCC_WARN_ABOUT_RETURN_TYPE = YES;
				GCC_WARN_UNINITIALIZED_AUTOS = YES;
				GCC_WARN_UNUSED_VARIABLE = YES;
				MACOSX_DEPLOYMENT_TARGET = 10.6;
				ONLY_ACTIVE_ARCH = YES;
				SDKROOT = macosx;
			};
			name = Debug;
		};
		3E6835E11607C90400DDFB82 /* Release */ = {
			isa = XCBuildConfiguration;
			buildSettings = {
				ALWAYS_SEARCH_USER_PATHS = NO;
				CLANG_CXX_LANGUAGE_STANDARD = "gnu++0x";
				CLANG_ENABLE_OBJC_ARC = YES;
				CLANG_WARN__DUPLICATE_METHOD_MATCH = YES;
				COPY_PHASE_STRIP = YES;
				DEBUG_INFORMATION_FORMAT = "dwarf-with-dsym";
				GCC_C_LANGUAGE_STANDARD = gnu99;
				GCC_ENABLE_OBJC_EXCEPTIONS = YES;
				GCC_WARN_64_TO_32_BIT_CONVERSION = YES;
				GCC_WARN_ABOUT_RETURN_TYPE = YES;
				GCC_WARN_UNINITIALIZED_AUTOS = YES;
				GCC_WARN_UNUSED_VARIABLE = YES;
				MACOSX_DEPLOYMENT_TARGET = 10.6;
				SDKROOT = macosx;
			};
			name = Release;
		};
		3E6835E31607C90400DDFB82 /* Debug */ = {
			isa = XCBuildConfiguration;
			buildSettings = {
				ASSETCATALOG_COMPILER_APPICON_NAME = "AppIcon-1";
				CLANG_ENABLE_MODULES = YES;
				CODE_SIGN_ENTITLEMENTS = "PDF Letterhead/PDF Letterhead.entitlements";
				CODE_SIGN_IDENTITY = "Mac Developer";
				"CODE_SIGN_IDENTITY[sdk=macosx*]" = "Mac Developer";
				COMBINE_HIDPI_IMAGES = YES;
				FRAMEWORK_SEARCH_PATHS = (
					"$(inherited)",
					"\"$(SRCROOT)\"",
				);
				GCC_PRECOMPILE_PREFIX_HEADER = YES;
				GCC_PREFIX_HEADER = "PDF Letterhead/PDF Letterhead-Prefix.pch";
				INFOPLIST_FILE = "$(SRCROOT)/PDF Letterhead/PDF Letterhead Lite.plist";
				LD_RUNPATH_SEARCH_PATHS = "$(inherited) @executable_path/../Frameworks";
				MACOSX_DEPLOYMENT_TARGET = 10.6;
				PRODUCT_BUNDLE_IDENTIFIER = "com.lingewoud.$(PRODUCT_NAME:rfc1034identifier)";
				PRODUCT_NAME = "$(TARGET_NAME)";
				PROVISIONING_PROFILE = "";
				SWIFT_OBJC_BRIDGING_HEADER = "PDF Letterhead/PDF Letterhead-Bridging-Header.h";
				SWIFT_OPTIMIZATION_LEVEL = "-Onone";
				WRAPPER_EXTENSION = app;
			};
			name = Debug;
		};
		3E6835E41607C90400DDFB82 /* Release */ = {
			isa = XCBuildConfiguration;
			buildSettings = {
				ASSETCATALOG_COMPILER_APPICON_NAME = "AppIcon-1";
				CLANG_ENABLE_MODULES = YES;
				CODE_SIGN_ENTITLEMENTS = "PDF Letterhead/PDF Letterhead.entitlements";
				CODE_SIGN_IDENTITY = "Mac Developer";
				"CODE_SIGN_IDENTITY[sdk=macosx*]" = "Mac Developer";
				COMBINE_HIDPI_IMAGES = YES;
				FRAMEWORK_SEARCH_PATHS = (
					"$(inherited)",
					"\"$(SRCROOT)\"",
				);
				GCC_PRECOMPILE_PREFIX_HEADER = YES;
				GCC_PREFIX_HEADER = "PDF Letterhead/PDF Letterhead-Prefix.pch";
				GCC_PREPROCESSOR_DEFINITIONS = "LITE=1";
				INFOPLIST_FILE = "$(SRCROOT)/PDF Letterhead/PDF Letterhead Lite.plist";
				LD_RUNPATH_SEARCH_PATHS = "$(inherited) @executable_path/../Frameworks";
				MACOSX_DEPLOYMENT_TARGET = 10.6;
				PRODUCT_BUNDLE_IDENTIFIER = "com.lingewoud.$(PRODUCT_NAME:rfc1034identifier)";
				PRODUCT_NAME = "$(TARGET_NAME)";
				PROVISIONING_PROFILE = "";
				SWIFT_OBJC_BRIDGING_HEADER = "PDF Letterhead/PDF Letterhead-Bridging-Header.h";
				WRAPPER_EXTENSION = app;
			};
			name = Release;
		};
		79726F031C16ED6E003B85D2 /* Debug */ = {
			isa = XCBuildConfiguration;
			buildSettings = {
				ASSETCATALOG_COMPILER_APPICON_NAME = "AppIcon-1";
				CLANG_ENABLE_MODULES = YES;
				CODE_SIGN_ENTITLEMENTS = "PDF Letterhead/PDF Letterhead.entitlements";
				CODE_SIGN_IDENTITY = "Mac Developer";
				"CODE_SIGN_IDENTITY[sdk=macosx*]" = "Mac Developer";
				COMBINE_HIDPI_IMAGES = YES;
				FRAMEWORK_SEARCH_PATHS = (
					"$(inherited)",
					"\"$(SRCROOT)\"",
				);
				GCC_PRECOMPILE_PREFIX_HEADER = YES;
				GCC_PREFIX_HEADER = "PDF Letterhead/PDF Letterhead-Prefix.pch";
				INFOPLIST_FILE = "$(SRCROOT)/PDF Letterhead Pro.plist";
				LD_RUNPATH_SEARCH_PATHS = "$(inherited) @executable_path/../Frameworks";
				MACOSX_DEPLOYMENT_TARGET = 10.6;
				PRODUCT_BUNDLE_IDENTIFIER = "com.lingewoud.$(PRODUCT_NAME:rfc1034identifier)";
				PRODUCT_NAME = "$(TARGET_NAME)";
				PROVISIONING_PROFILE = "";
				SWIFT_OBJC_BRIDGING_HEADER = "PDF Letterhead/PDF Letterhead-Bridging-Header.h";
				SWIFT_OPTIMIZATION_LEVEL = "-Onone";
				WRAPPER_EXTENSION = app;
			};
			name = Debug;
		};
		79726F041C16ED6E003B85D2 /* Release */ = {
			isa = XCBuildConfiguration;
			buildSettings = {
				ASSETCATALOG_COMPILER_APPICON_NAME = "AppIcon-1";
				CLANG_ENABLE_MODULES = YES;
				CODE_SIGN_ENTITLEMENTS = "PDF Letterhead/PDF Letterhead.entitlements";
				CODE_SIGN_IDENTITY = "Mac Developer";
				"CODE_SIGN_IDENTITY[sdk=macosx*]" = "Mac Developer";
				COMBINE_HIDPI_IMAGES = YES;
				FRAMEWORK_SEARCH_PATHS = (
					"$(inherited)",
					"\"$(SRCROOT)\"",
				);
				GCC_PRECOMPILE_PREFIX_HEADER = YES;
				GCC_PREFIX_HEADER = "PDF Letterhead/PDF Letterhead-Prefix.pch";
				GCC_PREPROCESSOR_DEFINITIONS = "PRO=1";
				INFOPLIST_FILE = "$(SRCROOT)/PDF Letterhead Pro.plist";
				LD_RUNPATH_SEARCH_PATHS = "$(inherited) @executable_path/../Frameworks";
				MACOSX_DEPLOYMENT_TARGET = 10.6;
				PRODUCT_BUNDLE_IDENTIFIER = "com.lingewoud.$(PRODUCT_NAME:rfc1034identifier)";
				PRODUCT_NAME = "$(TARGET_NAME)";
				PROVISIONING_PROFILE = "";
				SWIFT_OBJC_BRIDGING_HEADER = "PDF Letterhead/PDF Letterhead-Bridging-Header.h";
				WRAPPER_EXTENSION = app;
			};
			name = Release;
		};
/* End XCBuildConfiguration section */

/* Begin XCConfigurationList section */
		3E6835BB1607C90300DDFB82 /* Build configuration list for PBXProject "PDF Letterhead" */ = {
			isa = XCConfigurationList;
			buildConfigurations = (
				3E6835E01607C90400DDFB82 /* Debug */,
				3E6835E11607C90400DDFB82 /* Release */,
			);
			defaultConfigurationIsVisible = 0;
			defaultConfigurationName = Release;
		};
		3E6835E21607C90400DDFB82 /* Build configuration list for PBXNativeTarget "PDF Letterhead Lite" */ = {
			isa = XCConfigurationList;
			buildConfigurations = (
				3E6835E31607C90400DDFB82 /* Debug */,
				3E6835E41607C90400DDFB82 /* Release */,
			);
			defaultConfigurationIsVisible = 0;
			defaultConfigurationName = Release;
		};
		79726F021C16ED6E003B85D2 /* Build configuration list for PBXNativeTarget "PDF Letterhead Pro" */ = {
			isa = XCConfigurationList;
			buildConfigurations = (
				79726F031C16ED6E003B85D2 /* Debug */,
				79726F041C16ED6E003B85D2 /* Release */,
			);
			defaultConfigurationIsVisible = 0;
			defaultConfigurationName = Release;
		};
/* End XCConfigurationList section */

/* Begin XCVersionGroup section */
		3E6835DD1607C90400DDFB82 /* PDF_Letterhead.xcdatamodeld */ = {
			isa = XCVersionGroup;
			children = (
				3E6835DE1607C90400DDFB82 /* PDF_Letterhead.xcdatamodel */,
			);
			currentVersion = 3E6835DE1607C90400DDFB82 /* PDF_Letterhead.xcdatamodel */;
			path = PDF_Letterhead.xcdatamodeld;
			sourceTree = "<group>";
			versionGroupType = wrapper.xcdatamodel;
		};
/* End XCVersionGroup section */
	};
	rootObject = 3E6835B81607C90300DDFB82 /* Project object */;
}
